{
  "version": 4,
  "terraform_version": "0.13.0",
  "serial": 1316,
  "lineage": "68080664-ad71-cb75-0791-b3d4f519ab38",
  "outputs": {},
  "resources": [
    {
      "mode": "managed",
      "type": "pagerduty_business_service",
      "name": "main",
      "provider": "provider[\"registry.terraform.io/pagerduty/pagerduty\"]",
      "instances": [
        {
          "index_key": "0-1",
          "schema_version": 0,
          "attributes": {
            "description": "BankDuty.com Top-Level Business Service",
            "html_url": "",
            "id": "PV9G338",
            "name": "BankDuty.com",
            "point_of_contact": "",
            "self": "https://api.pagerduty.com/business_services/PV9G338",
            "summary": "BankDuty.com",
            "team": null,
            "type": "business_service"
          },
          "private": "bnVsbA=="
        },
        {
          "index_key": "0-2",
          "schema_version": 0,
          "attributes": {
            "description": "BankDuty online channels",
            "html_url": "",
            "id": "P7RJ0M5",
            "name": "BankDuty - Retail - Channels",
            "point_of_contact": "",
            "self": "https://api.pagerduty.com/business_services/P7RJ0M5",
            "summary": "BankDuty - Retail - Channels",
            "team": null,
            "type": "business_service"
          },
          "private": "bnVsbA=="
        },
        {
          "index_key": "0-3",
          "schema_version": 0,
          "attributes": {
            "description": "BankDuty telephone banking services",
            "html_url": "",
            "id": "PCVS4UL",
            "name": "BankDuty - Retail - Telephone Bankings",
            "point_of_contact": "",
            "self": "https://api.pagerduty.com/business_services/PCVS4UL",
            "summary": "BankDuty - Retail - Telephone Bankings",
            "team": null,
            "type": "business_service"
          },
          "private": "bnVsbA=="
        },
        {
          "index_key": "0-4",
          "schema_version": 0,
          "attributes": {
            "description": "BankDuty physical branches",
            "html_url": "",
            "id": "P3FY09F",
            "name": "BankDuty - Retail - Branches",
            "point_of_contact": "",
            "self": "https://api.pagerduty.com/business_services/P3FY09F",
            "summary": "BankDuty - Retail - Branches",
            "team": null,
            "type": "business_service"
          },
          "private": "bnVsbA=="
        },
        {
          "index_key": "0-5",
          "schema_version": 0,
          "attributes": {
            "description": "",
            "html_url": "",
            "id": "PYJ43FY",
            "name": "BankDuty - Retail - Mobile",
            "point_of_contact": "",
            "self": "https://api.pagerduty.com/business_services/PYJ43FY",
            "summary": "BankDuty - Retail - Mobile",
            "team": null,
            "type": "business_service"
          },
          "private": "bnVsbA=="
        },
        {
          "index_key": "0-6",
          "schema_version": 0,
          "attributes": {
            "description": "",
            "html_url": "",
            "id": "PRAV2QI",
            "name": "BankDuty - Retail - Web",
            "point_of_contact": "",
            "self": "https://api.pagerduty.com/business_services/PRAV2QI",
            "summary": "BankDuty - Retail - Web",
            "team": null,
            "type": "business_service"
          },
          "private": "bnVsbA=="
        },
        {
          "index_key": "1-1",
          "schema_version": 0,
          "attributes": {
            "description": "Boutique Store Business Service",
            "html_url": "",
            "id": "PO171BV",
            "name": "Online Boutique",
            "point_of_contact": "",
            "self": "https://api.pagerduty.com/business_services/PO171BV",
            "summary": "Online Boutique",
            "team": null,
            "type": "business_service"
          },
          "private": "bnVsbA=="
        }
      ]
    },
    {
      "module": "module.common_objects",
      "mode": "managed",
      "type": "pagerduty_escalation_policy",
      "name": "it_management",
      "provider": "provider[\"registry.terraform.io/pagerduty/pagerduty\"]",
      "instances": [
        {
          "schema_version": 0,
          "attributes": {
            "description": "Managed by Terraform",
            "id": "P9ASIAQ",
            "name": "IT Management (EP)",
            "num_loops": 0,
            "rule": [
              {
                "escalation_delay_in_minutes": 15,
                "id": "P539TCR",
                "target": [
                  {
                    "id": "PPU8WBE",
                    "type": "schedule_reference"
                  }
                ]
              }
            ],
            "teams": [
              "PT0PKVT"
            ]
          },
          "private": "bnVsbA==",
          "dependencies": [
            "module.common_objects.pagerduty_schedule.it_management",
            "module.common_objects.pagerduty_team.it_management",
            "module.common_objects.pagerduty_user.paul_miller",
            "module.common_objects.pagerduty_user.ronald_green"
          ]
        }
      ]
    },
    {
      "module": "module.common_objects",
      "mode": "managed",
      "type": "pagerduty_escalation_policy",
      "name": "operations",
      "provider": "provider[\"registry.terraform.io/pagerduty/pagerduty\"]",
      "instances": [
        {
          "schema_version": 0,
          "attributes": {
            "description": "Managed by Terraform",
            "id": "P614HL0",
            "name": "Operations (EP)",
            "num_loops": 3,
            "rule": [
              {
                "escalation_delay_in_minutes": 15,
                "id": "P1TLT01",
                "target": [
                  {
                    "id": "PT3WXR4",
                    "type": "schedule_reference"
                  }
                ]
              },
              {
                "escalation_delay_in_minutes": 30,
                "id": "PGDJSXI",
                "target": [
                  {
                    "id": "PWCHY3U",
                    "type": "schedule_reference"
                  }
                ]
              },
              {
                "escalation_delay_in_minutes": 60,
                "id": "PD4YRIV",
                "target": [
                  {
                    "id": "PTMFGTL",
                    "type": "user_reference"
                  },
                  {
                    "id": "PPU8WBE",
                    "type": "schedule_reference"
                  }
                ]
              }
            ],
            "teams": [
              "PA8LLK6"
            ]
          },
          "private": "bnVsbA==",
          "dependencies": [
            "module.common_objects.pagerduty_schedule.it_management",
            "module.common_objects.pagerduty_schedule.operations_level_1",
            "module.common_objects.pagerduty_schedule.operations_level_2",
            "module.common_objects.pagerduty_team.operations",
            "module.common_objects.pagerduty_user.paul_miller",
            "module.common_objects.pagerduty_user.ronald_green"
          ]
        }
      ]
    },
    {
      "module": "module.common_objects",
      "mode": "managed",
      "type": "pagerduty_escalation_policy",
      "name": "support",
      "provider": "provider[\"registry.terraform.io/pagerduty/pagerduty\"]",
      "instances": [
        {
          "schema_version": 0,
          "attributes": {
            "description": "Managed by Terraform",
            "id": "PHBEGGU",
            "name": "Support (EP)",
            "num_loops": 3,
            "rule": [
              {
                "escalation_delay_in_minutes": 5,
                "id": "POAQP22",
                "target": [
                  {
                    "id": "P58ZVN1",
                    "type": "schedule_reference"
                  }
                ]
              },
              {
                "escalation_delay_in_minutes": 15,
                "id": "P812OPC",
                "target": [
                  {
                    "id": "P8HKVMR",
                    "type": "schedule_reference"
                  }
                ]
              },
              {
                "escalation_delay_in_minutes": 30,
                "id": "P4RENAP",
                "target": [
                  {
                    "id": "PTMFGTL",
                    "type": "user_reference"
                  },
                  {
                    "id": "PPU8WBE",
                    "type": "schedule_reference"
                  }
                ]
              }
            ],
            "teams": [
              "PPR1JG3"
            ]
          },
          "private": "bnVsbA==",
          "dependencies": [
            "module.common_objects.pagerduty_schedule.it_management",
            "module.common_objects.pagerduty_schedule.support_level_1",
            "module.common_objects.pagerduty_schedule.support_level_2",
            "module.common_objects.pagerduty_team.support",
            "module.common_objects.pagerduty_user.noah_cooper",
            "module.common_objects.pagerduty_user.paul_miller",
            "module.common_objects.pagerduty_user.ronald_green"
          ]
        }
      ]
    },
    {
      "module": "module.common_objects",
      "mode": "managed",
      "type": "pagerduty_schedule",
      "name": "it_management",
      "provider": "provider[\"registry.terraform.io/pagerduty/pagerduty\"]",
      "instances": [
        {
          "schema_version": 0,
          "attributes": {
            "description": "Managed by Terraform",
            "final_schedule": [
              {
                "name": "Final Schedule",
                "rendered_coverage_percentage": "0.00"
              }
            ],
            "id": "PPU8WBE",
            "layer": [
              {
                "end": "",
                "id": "PUJI7P1",
                "name": "Daily Rotation",
                "rendered_coverage_percentage": "0.00",
                "restriction": [],
                "rotation_turn_length_seconds": 86400,
                "rotation_virtual_start": "2020-06-21T07:00:00+01:00",
                "start": "2023-02-01T16:48:43+00:00",
                "users": [
                  "PTMFGTL",
                  "P9E6F28"
                ]
              }
            ],
            "name": "IT Management Schedule",
            "overflow": null,
            "teams": [],
            "time_zone": "Europe/London"
          },
          "private": "bnVsbA==",
          "dependencies": [
            "module.common_objects.pagerduty_user.paul_miller",
            "module.common_objects.pagerduty_user.ronald_green"
          ]
        }
      ]
    },
    {
      "module": "module.common_objects",
      "mode": "managed",
      "type": "pagerduty_schedule",
      "name": "operations_level_1",
      "provider": "provider[\"registry.terraform.io/pagerduty/pagerduty\"]",
      "instances": [
        {
          "schema_version": 0,
          "attributes": {
            "description": "Managed by Terraform",
            "final_schedule": [
              {
                "name": "Final Schedule",
                "rendered_coverage_percentage": "0.00"
              }
            ],
            "id": "PT3WXR4",
            "layer": [
              {
                "end": "",
                "id": "PFEF9T4",
                "name": "Weekly Rotation",
                "rendered_coverage_percentage": "0.00",
                "restriction": [],
                "rotation_turn_length_seconds": 604800,
                "rotation_virtual_start": "2020-06-21T07:00:00+01:00",
                "start": "2023-02-01T16:48:43+00:00",
                "users": [
                  "P9E6F28"
                ]
              }
            ],
            "name": "Operations Schedule (L1)",
            "overflow": null,
            "teams": [],
            "time_zone": "Europe/London"
          },
          "private": "bnVsbA==",
          "dependencies": [
            "module.common_objects.pagerduty_user.paul_miller"
          ]
        }
      ]
    },
    {
      "module": "module.common_objects",
      "mode": "managed",
      "type": "pagerduty_schedule",
      "name": "operations_level_2",
      "provider": "provider[\"registry.terraform.io/pagerduty/pagerduty\"]",
      "instances": [
        {
          "schema_version": 0,
          "attributes": {
            "description": "Managed by Terraform",
            "final_schedule": [
              {
                "name": "Final Schedule",
                "rendered_coverage_percentage": "0.00"
              }
            ],
            "id": "PWCHY3U",
            "layer": [
              {
                "end": "",
                "id": "P445NXA",
                "name": "Weekly Rotation",
                "rendered_coverage_percentage": "0.00",
                "restriction": [],
                "rotation_turn_length_seconds": 604800,
                "rotation_virtual_start": "2020-06-21T07:00:00+01:00",
                "start": "2023-02-01T16:48:42+00:00",
                "users": [
                  "PTMFGTL"
                ]
              }
            ],
            "name": "Operations Schedule (L2)",
            "overflow": null,
            "teams": [],
            "time_zone": "Europe/London"
          },
          "private": "bnVsbA==",
          "dependencies": [
            "module.common_objects.pagerduty_user.ronald_green"
          ]
        }
      ]
    },
    {
      "module": "module.common_objects",
      "mode": "managed",
      "type": "pagerduty_schedule",
      "name": "support_level_1",
      "provider": "provider[\"registry.terraform.io/pagerduty/pagerduty\"]",
      "instances": [
        {
          "schema_version": 0,
          "attributes": {
            "description": "Managed by Terraform",
            "final_schedule": [
              {
                "name": "Final Schedule",
                "rendered_coverage_percentage": "0.00"
              }
            ],
            "id": "P58ZVN1",
            "layer": [
              {
                "end": "",
                "id": "PICY43S",
                "name": "Workday Rotation",
                "rendered_coverage_percentage": "0.00",
                "restriction": [
                  {
                    "duration_seconds": 28800,
                    "start_day_of_week": 1,
                    "start_time_of_day": "09:00:00",
                    "type": "weekly_restriction"
                  },
                  {
                    "duration_seconds": 28800,
                    "start_day_of_week": 2,
                    "start_time_of_day": "09:00:00",
                    "type": "weekly_restriction"
                  },
                  {
                    "duration_seconds": 28800,
                    "start_day_of_week": 3,
                    "start_time_of_day": "09:00:00",
                    "type": "weekly_restriction"
                  },
                  {
                    "duration_seconds": 28800,
                    "start_day_of_week": 4,
                    "start_time_of_day": "09:00:00",
                    "type": "weekly_restriction"
                  },
                  {
                    "duration_seconds": 28800,
                    "start_day_of_week": 5,
                    "start_time_of_day": "09:00:00",
                    "type": "weekly_restriction"
                  }
                ],
                "rotation_turn_length_seconds": 86400,
                "rotation_virtual_start": "2020-06-21T08:00:00+01:00",
                "start": "2023-02-01T16:48:43+00:00",
                "users": [
                  "P64IEPI"
                ]
              },
              {
                "end": "",
                "id": "PF3N3R2",
                "name": "Nightshift Rotation",
                "rendered_coverage_percentage": "0.00",
                "restriction": [
                  {
                    "duration_seconds": 57600,
                    "start_day_of_week": 1,
                    "start_time_of_day": "17:00:00",
                    "type": "weekly_restriction"
                  },
                  {
                    "duration_seconds": 57600,
                    "start_day_of_week": 2,
                    "start_time_of_day": "17:00:00",
                    "type": "weekly_restriction"
                  },
                  {
                    "duration_seconds": 57600,
                    "start_day_of_week": 3,
                    "start_time_of_day": "17:00:00",
                    "type": "weekly_restriction"
                  },
                  {
                    "duration_seconds": 57600,
                    "start_day_of_week": 4,
                    "start_time_of_day": "17:00:00",
                    "type": "weekly_restriction"
                  },
                  {
                    "duration_seconds": 57600,
                    "start_day_of_week": 5,
                    "start_time_of_day": "17:00:00",
                    "type": "weekly_restriction"
                  }
                ],
                "rotation_turn_length_seconds": 86400,
                "rotation_virtual_start": "2020-06-21T08:00:00+01:00",
                "start": "2023-02-01T16:48:43+00:00",
                "users": [
                  "P9E6F28"
                ]
              }
            ],
            "name": "Support All-Week Schedule (L1)",
            "overflow": null,
            "teams": [],
            "time_zone": "Europe/London"
          },
          "private": "bnVsbA==",
          "dependencies": [
            "module.common_objects.pagerduty_user.noah_cooper",
            "module.common_objects.pagerduty_user.paul_miller"
          ]
        }
      ]
    },
    {
      "module": "module.common_objects",
      "mode": "managed",
      "type": "pagerduty_schedule",
      "name": "support_level_2",
      "provider": "provider[\"registry.terraform.io/pagerduty/pagerduty\"]",
      "instances": [
        {
          "schema_version": 0,
          "attributes": {
            "description": "Managed by Terraform",
            "final_schedule": [
              {
                "name": "Final Schedule",
                "rendered_coverage_percentage": "0.00"
              }
            ],
            "id": "P8HKVMR",
            "layer": [
              {
                "end": "",
                "id": "P71L57L",
                "name": "Daily Rotation",
                "rendered_coverage_percentage": "0.00",
                "restriction": [
                  {
                    "duration_seconds": 28800,
                    "start_day_of_week": 0,
                    "start_time_of_day": "09:00:00",
                    "type": "daily_restriction"
                  }
                ],
                "rotation_turn_length_seconds": 86400,
                "rotation_virtual_start": "2020-06-21T08:00:00+01:00",
                "start": "2023-02-01T16:48:43+00:00",
                "users": [
                  "P64IEPI"
                ]
              }
            ],
            "name": "Support All-Week Schedule (L2)",
            "overflow": null,
            "teams": [],
            "time_zone": "Europe/London"
          },
          "private": "bnVsbA==",
          "dependencies": [
            "module.common_objects.pagerduty_user.noah_cooper"
          ]
        }
      ]
    },
    {
      "mode": "managed",
      "type": "pagerduty_service",
      "name": "main",
      "provider": "provider[\"registry.terraform.io/pagerduty/pagerduty\"]",
      "instances": [
        {
          "index_key": "0-10",
          "schema_version": 0,
          "attributes": {
            "acknowledgement_timeout": "1800",
            "alert_creation": "create_incidents",
            "alert_grouping": null,
            "alert_grouping_parameters": [],
            "alert_grouping_timeout": "null",
            "auto_pause_notifications_parameters": [],
            "auto_resolve_timeout": "14400",
            "created_at": "2023-02-01T16:48:47+00:00",
            "description": "",
            "escalation_policy": "P614HL0",
            "html_url": "https://pdt-jpickles.eu.pagerduty.com/service-directory/PWDH4UE",
            "id": "PWDH4UE",
            "incident_urgency_rule": [
              {
                "during_support_hours": [],
                "outside_support_hours": [],
                "type": "constant",
                "urgency": "high"
              }
            ],
            "last_incident_timestamp": "",
            "name": "BankDuty - API Gateway",
            "response_play": null,
            "scheduled_actions": [],
            "status": "active",
            "support_hours": [],
            "type": "service"
          },
          "private": "bnVsbA==",
          "dependencies": [
            "module.common_objects.pagerduty_escalation_policy.operations",
            "module.common_objects.pagerduty_schedule.it_management",
            "module.common_objects.pagerduty_schedule.operations_level_1",
            "module.common_objects.pagerduty_schedule.operations_level_2",
            "module.common_objects.pagerduty_team.operations",
            "module.common_objects.pagerduty_user.paul_miller",
            "module.common_objects.pagerduty_user.ronald_green"
          ]
        },
        {
          "index_key": "0-11",
          "schema_version": 0,
          "attributes": {
            "acknowledgement_timeout": "1800",
            "alert_creation": "create_incidents",
            "alert_grouping": null,
            "alert_grouping_parameters": [],
            "alert_grouping_timeout": "null",
            "auto_pause_notifications_parameters": [],
            "auto_resolve_timeout": "14400",
            "created_at": "2023-02-01T16:48:47+00:00",
            "description": "",
            "escalation_policy": "P614HL0",
            "html_url": "https://pdt-jpickles.eu.pagerduty.com/service-directory/PDMT5JU",
            "id": "PDMT5JU",
            "incident_urgency_rule": [
              {
                "during_support_hours": [],
                "outside_support_hours": [],
                "type": "constant",
                "urgency": "high"
              }
            ],
            "last_incident_timestamp": "",
            "name": "BankDuty - Authentication",
            "response_play": null,
            "scheduled_actions": [],
            "status": "active",
            "support_hours": [],
            "type": "service"
          },
          "private": "bnVsbA==",
          "dependencies": [
            "module.common_objects.pagerduty_escalation_policy.operations",
            "module.common_objects.pagerduty_schedule.it_management",
            "module.common_objects.pagerduty_schedule.operations_level_1",
            "module.common_objects.pagerduty_schedule.operations_level_2",
            "module.common_objects.pagerduty_team.operations",
            "module.common_objects.pagerduty_user.paul_miller",
            "module.common_objects.pagerduty_user.ronald_green"
          ]
        },
        {
          "index_key": "0-12",
          "schema_version": 0,
          "attributes": {
            "acknowledgement_timeout": "1800",
            "alert_creation": "create_incidents",
            "alert_grouping": null,
            "alert_grouping_parameters": [],
            "alert_grouping_timeout": "null",
            "auto_pause_notifications_parameters": [],
            "auto_resolve_timeout": "14400",
            "created_at": "2023-02-01T16:48:49+00:00",
            "description": "",
            "escalation_policy": "P614HL0",
            "html_url": "https://pdt-jpickles.eu.pagerduty.com/service-directory/P0LFHJJ",
            "id": "P0LFHJJ",
            "incident_urgency_rule": [
              {
                "during_support_hours": [],
                "outside_support_hours": [],
                "type": "constant",
                "urgency": "high"
              }
            ],
            "last_incident_timestamp": "",
            "name": "Cloud Platform - K8S",
            "response_play": null,
            "scheduled_actions": [],
            "status": "active",
            "support_hours": [],
            "type": "service"
          },
          "private": "bnVsbA==",
          "dependencies": [
            "module.common_objects.pagerduty_escalation_policy.operations",
            "module.common_objects.pagerduty_schedule.it_management",
            "module.common_objects.pagerduty_schedule.operations_level_1",
            "module.common_objects.pagerduty_schedule.operations_level_2",
            "module.common_objects.pagerduty_team.operations",
            "module.common_objects.pagerduty_user.paul_miller",
            "module.common_objects.pagerduty_user.ronald_green"
          ]
        },
        {
          "index_key": "0-13",
          "schema_version": 0,
          "attributes": {
            "acknowledgement_timeout": "1800",
            "alert_creation": "create_incidents",
            "alert_grouping": null,
            "alert_grouping_parameters": [],
            "alert_grouping_timeout": "null",
            "auto_pause_notifications_parameters": [],
            "auto_resolve_timeout": "14400",
            "created_at": "2023-02-01T16:48:49+00:00",
            "description": "",
            "escalation_policy": "P614HL0",
            "html_url": "https://pdt-jpickles.eu.pagerduty.com/service-directory/PDNKMHS",
            "id": "PDNKMHS",
            "incident_urgency_rule": [
              {
                "during_support_hours": [],
                "outside_support_hours": [],
                "type": "constant",
                "urgency": "high"
              }
            ],
            "last_incident_timestamp": "",
            "name": "Cloud Platform - DNS",
            "response_play": null,
            "scheduled_actions": [],
            "status": "active",
            "support_hours": [],
            "type": "service"
          },
          "private": "bnVsbA==",
          "dependencies": [
            "module.common_objects.pagerduty_escalation_policy.operations",
            "module.common_objects.pagerduty_schedule.it_management",
            "module.common_objects.pagerduty_schedule.operations_level_1",
            "module.common_objects.pagerduty_schedule.operations_level_2",
            "module.common_objects.pagerduty_team.operations",
            "module.common_objects.pagerduty_user.paul_miller",
            "module.common_objects.pagerduty_user.ronald_green"
          ]
        },
        {
          "index_key": "0-14",
          "schema_version": 0,
          "attributes": {
            "acknowledgement_timeout": "1800",
            "alert_creation": "create_incidents",
            "alert_grouping": null,
            "alert_grouping_parameters": [],
            "alert_grouping_timeout": "null",
            "auto_pause_notifications_parameters": [],
            "auto_resolve_timeout": "14400",
            "created_at": "2023-02-01T16:48:49+00:00",
            "description": "",
            "escalation_policy": "P614HL0",
            "html_url": "https://pdt-jpickles.eu.pagerduty.com/service-directory/P4Y3IZ9",
            "id": "P4Y3IZ9",
            "incident_urgency_rule": [
              {
                "during_support_hours": [],
                "outside_support_hours": [],
                "type": "constant",
                "urgency": "high"
              }
            ],
            "last_incident_timestamp": "",
            "name": "Cloud Platform - DHCP",
            "response_play": null,
            "scheduled_actions": [],
            "status": "active",
            "support_hours": [],
            "type": "service"
          },
          "private": "bnVsbA==",
          "dependencies": [
            "module.common_objects.pagerduty_escalation_policy.operations",
            "module.common_objects.pagerduty_schedule.it_management",
            "module.common_objects.pagerduty_schedule.operations_level_1",
            "module.common_objects.pagerduty_schedule.operations_level_2",
            "module.common_objects.pagerduty_team.operations",
            "module.common_objects.pagerduty_user.paul_miller",
            "module.common_objects.pagerduty_user.ronald_green"
          ]
        },
        {
          "index_key": "0-15",
          "schema_version": 0,
          "attributes": {
            "acknowledgement_timeout": "1800",
            "alert_creation": "create_incidents",
            "alert_grouping": null,
            "alert_grouping_parameters": [],
            "alert_grouping_timeout": "null",
            "auto_pause_notifications_parameters": [],
            "auto_resolve_timeout": "14400",
            "created_at": "2023-02-01T16:48:47+00:00",
            "description": "",
            "escalation_policy": "P614HL0",
            "html_url": "https://pdt-jpickles.eu.pagerduty.com/service-directory/PAQ5574",
            "id": "PAQ5574",
            "incident_urgency_rule": [
              {
                "during_support_hours": [],
                "outside_support_hours": [],
                "type": "constant",
                "urgency": "high"
              }
            ],
            "last_incident_timestamp": "",
            "name": "Cloud Platform - Network",
            "response_play": null,
            "scheduled_actions": [],
            "status": "active",
            "support_hours": [],
            "type": "service"
          },
          "private": "bnVsbA==",
          "dependencies": [
            "module.common_objects.pagerduty_escalation_policy.operations",
            "module.common_objects.pagerduty_schedule.it_management",
            "module.common_objects.pagerduty_schedule.operations_level_1",
            "module.common_objects.pagerduty_schedule.operations_level_2",
            "module.common_objects.pagerduty_team.operations",
            "module.common_objects.pagerduty_user.paul_miller",
            "module.common_objects.pagerduty_user.ronald_green"
          ]
        },
        {
          "index_key": "0-16",
          "schema_version": 0,
          "attributes": {
            "acknowledgement_timeout": "1800",
            "alert_creation": "create_incidents",
            "alert_grouping": null,
            "alert_grouping_parameters": [],
            "alert_grouping_timeout": "null",
            "auto_pause_notifications_parameters": [],
            "auto_resolve_timeout": "14400",
            "created_at": "2023-02-01T16:48:47+00:00",
            "description": "",
            "escalation_policy": "P614HL0",
            "html_url": "https://pdt-jpickles.eu.pagerduty.com/service-directory/P1AO0LL",
            "id": "P1AO0LL",
            "incident_urgency_rule": [
              {
                "during_support_hours": [],
                "outside_support_hours": [],
                "type": "constant",
                "urgency": "high"
              }
            ],
            "last_incident_timestamp": "",
            "name": "Cloud Platform - Shared Storage",
            "response_play": null,
            "scheduled_actions": [],
            "status": "active",
            "support_hours": [],
            "type": "service"
          },
          "private": "bnVsbA==",
          "dependencies": [
            "module.common_objects.pagerduty_escalation_policy.operations",
            "module.common_objects.pagerduty_schedule.it_management",
            "module.common_objects.pagerduty_schedule.operations_level_1",
            "module.common_objects.pagerduty_schedule.operations_level_2",
            "module.common_objects.pagerduty_team.operations",
            "module.common_objects.pagerduty_user.paul_miller",
            "module.common_objects.pagerduty_user.ronald_green"
          ]
        },
        {
          "index_key": "0-17",
          "schema_version": 0,
          "attributes": {
            "acknowledgement_timeout": "1800",
            "alert_creation": "create_incidents",
            "alert_grouping": null,
            "alert_grouping_parameters": [],
            "alert_grouping_timeout": "null",
            "auto_pause_notifications_parameters": [],
            "auto_resolve_timeout": "14400",
            "created_at": "2023-02-01T16:48:47+00:00",
            "description": "",
            "escalation_policy": "P614HL0",
            "html_url": "https://pdt-jpickles.eu.pagerduty.com/service-directory/PKWX195",
            "id": "PKWX195",
            "incident_urgency_rule": [
              {
                "during_support_hours": [],
                "outside_support_hours": [],
                "type": "constant",
                "urgency": "high"
              }
            ],
            "last_incident_timestamp": "",
            "name": "Cloud Platform - Compute",
            "response_play": null,
            "scheduled_actions": [],
            "status": "active",
            "support_hours": [],
            "type": "service"
          },
          "private": "bnVsbA==",
          "dependencies": [
            "module.common_objects.pagerduty_escalation_policy.operations",
            "module.common_objects.pagerduty_schedule.it_management",
            "module.common_objects.pagerduty_schedule.operations_level_1",
            "module.common_objects.pagerduty_schedule.operations_level_2",
            "module.common_objects.pagerduty_team.operations",
            "module.common_objects.pagerduty_user.paul_miller",
            "module.common_objects.pagerduty_user.ronald_green"
          ]
        },
        {
          "index_key": "0-18",
          "schema_version": 0,
          "attributes": {
            "acknowledgement_timeout": "1800",
            "alert_creation": "create_incidents",
            "alert_grouping": null,
            "alert_grouping_parameters": [],
            "alert_grouping_timeout": "null",
            "auto_pause_notifications_parameters": [],
            "auto_resolve_timeout": "14400",
            "created_at": "2023-02-01T16:48:49+00:00",
            "description": "",
            "escalation_policy": "P614HL0",
            "html_url": "https://pdt-jpickles.eu.pagerduty.com/service-directory/PW2OLSC",
            "id": "PW2OLSC",
            "incident_urgency_rule": [
              {
                "during_support_hours": [],
                "outside_support_hours": [],
                "type": "constant",
                "urgency": "high"
              }
            ],
            "last_incident_timestamp": "",
            "name": "Cloud Platform - Object Store",
            "response_play": null,
            "scheduled_actions": [],
            "status": "active",
            "support_hours": [],
            "type": "service"
          },
          "private": "bnVsbA==",
          "dependencies": [
            "module.common_objects.pagerduty_escalation_policy.operations",
            "module.common_objects.pagerduty_schedule.it_management",
            "module.common_objects.pagerduty_schedule.operations_level_1",
            "module.common_objects.pagerduty_schedule.operations_level_2",
            "module.common_objects.pagerduty_team.operations",
            "module.common_objects.pagerduty_user.paul_miller",
            "module.common_objects.pagerduty_user.ronald_green"
          ]
        },
        {
          "index_key": "0-19",
          "schema_version": 0,
          "attributes": {
            "acknowledgement_timeout": "1800",
            "alert_creation": "create_incidents",
            "alert_grouping": null,
            "alert_grouping_parameters": [],
            "alert_grouping_timeout": "null",
            "auto_pause_notifications_parameters": [],
            "auto_resolve_timeout": "14400",
            "created_at": "2023-02-01T16:48:49+00:00",
            "description": "",
            "escalation_policy": "P614HL0",
            "html_url": "https://pdt-jpickles.eu.pagerduty.com/service-directory/PJI1I73",
            "id": "PJI1I73",
            "incident_urgency_rule": [
              {
                "during_support_hours": [],
                "outside_support_hours": [],
                "type": "constant",
                "urgency": "high"
              }
            ],
            "last_incident_timestamp": "",
            "name": "BankDuty - Customer Service",
            "response_play": null,
            "scheduled_actions": [],
            "status": "active",
            "support_hours": [],
            "type": "service"
          },
          "private": "bnVsbA==",
          "dependencies": [
            "module.common_objects.pagerduty_escalation_policy.operations",
            "module.common_objects.pagerduty_schedule.it_management",
            "module.common_objects.pagerduty_schedule.operations_level_1",
            "module.common_objects.pagerduty_schedule.operations_level_2",
            "module.common_objects.pagerduty_team.operations",
            "module.common_objects.pagerduty_user.paul_miller",
            "module.common_objects.pagerduty_user.ronald_green"
          ]
        },
        {
          "index_key": "0-7",
          "schema_version": 0,
          "attributes": {
            "acknowledgement_timeout": "1800",
            "alert_creation": "create_incidents",
            "alert_grouping": null,
            "alert_grouping_parameters": [],
            "alert_grouping_timeout": "null",
            "auto_pause_notifications_parameters": [],
            "auto_resolve_timeout": "14400",
            "created_at": "2023-02-01T16:48:51+00:00",
            "description": "",
            "escalation_policy": "P614HL0",
            "html_url": "https://pdt-jpickles.eu.pagerduty.com/service-directory/PZ04G30",
            "id": "PZ04G30",
            "incident_urgency_rule": [
              {
                "during_support_hours": [],
                "outside_support_hours": [],
                "type": "constant",
                "urgency": "high"
              }
            ],
            "last_incident_timestamp": "",
            "name": "BankDuty - Mobile - iOS App",
            "response_play": null,
            "scheduled_actions": [],
            "status": "active",
            "support_hours": [],
            "type": "service"
          },
          "private": "bnVsbA==",
          "dependencies": [
            "module.common_objects.pagerduty_escalation_policy.operations",
            "module.common_objects.pagerduty_schedule.it_management",
            "module.common_objects.pagerduty_schedule.operations_level_1",
            "module.common_objects.pagerduty_schedule.operations_level_2",
            "module.common_objects.pagerduty_team.operations",
            "module.common_objects.pagerduty_user.paul_miller",
            "module.common_objects.pagerduty_user.ronald_green"
          ]
        },
        {
          "index_key": "0-8",
          "schema_version": 0,
          "attributes": {
            "acknowledgement_timeout": "1800",
            "alert_creation": "create_incidents",
            "alert_grouping": null,
            "alert_grouping_parameters": [],
            "alert_grouping_timeout": "null",
            "auto_pause_notifications_parameters": [],
            "auto_resolve_timeout": "14400",
            "created_at": "2023-02-01T16:48:49+00:00",
            "description": "",
            "escalation_policy": "P614HL0",
            "html_url": "https://pdt-jpickles.eu.pagerduty.com/service-directory/PZBZM52",
            "id": "PZBZM52",
            "incident_urgency_rule": [
              {
                "during_support_hours": [],
                "outside_support_hours": [],
                "type": "constant",
                "urgency": "high"
              }
            ],
            "last_incident_timestamp": "",
            "name": "Bank Duty - Mobile - Android App",
            "response_play": null,
            "scheduled_actions": [],
            "status": "active",
            "support_hours": [],
            "type": "service"
          },
          "private": "bnVsbA==",
          "dependencies": [
            "module.common_objects.pagerduty_escalation_policy.operations",
            "module.common_objects.pagerduty_schedule.it_management",
            "module.common_objects.pagerduty_schedule.operations_level_1",
            "module.common_objects.pagerduty_schedule.operations_level_2",
            "module.common_objects.pagerduty_team.operations",
            "module.common_objects.pagerduty_user.paul_miller",
            "module.common_objects.pagerduty_user.ronald_green"
          ]
        },
        {
          "index_key": "0-9",
          "schema_version": 0,
          "attributes": {
            "acknowledgement_timeout": "1800",
            "alert_creation": "create_incidents",
            "alert_grouping": null,
            "alert_grouping_parameters": [],
            "alert_grouping_timeout": "null",
            "auto_pause_notifications_parameters": [],
            "auto_resolve_timeout": "14400",
            "created_at": "2023-02-01T16:48:47+00:00",
            "description": "",
            "escalation_policy": "P614HL0",
            "html_url": "https://pdt-jpickles.eu.pagerduty.com/service-directory/PPV8331",
            "id": "PPV8331",
            "incident_urgency_rule": [
              {
                "during_support_hours": [],
                "outside_support_hours": [],
                "type": "constant",
                "urgency": "high"
              }
            ],
            "last_incident_timestamp": "",
            "name": "BankDuty - Retail - WebApp",
            "response_play": null,
            "scheduled_actions": [],
            "status": "active",
            "support_hours": [],
            "type": "service"
          },
          "private": "bnVsbA==",
          "dependencies": [
            "module.common_objects.pagerduty_escalation_policy.operations",
            "module.common_objects.pagerduty_schedule.it_management",
            "module.common_objects.pagerduty_schedule.operations_level_1",
            "module.common_objects.pagerduty_schedule.operations_level_2",
            "module.common_objects.pagerduty_team.operations",
            "module.common_objects.pagerduty_user.paul_miller",
            "module.common_objects.pagerduty_user.ronald_green"
          ]
        },
        {
          "index_key": "1-10",
          "schema_version": 0,
          "attributes": {
            "acknowledgement_timeout": "1800",
            "alert_creation": "create_incidents",
            "alert_grouping": null,
            "alert_grouping_parameters": [],
            "alert_grouping_timeout": "null",
            "auto_pause_notifications_parameters": [],
            "auto_resolve_timeout": "14400",
            "created_at": "2023-02-01T16:48:47+00:00",
            "description": "",
            "escalation_policy": "P614HL0",
            "html_url": "https://pdt-jpickles.eu.pagerduty.com/service-directory/P8IK2QB",
            "id": "P8IK2QB",
            "incident_urgency_rule": [
              {
                "during_support_hours": [],
                "outside_support_hours": [],
                "type": "constant",
                "urgency": "high"
              }
            ],
            "last_incident_timestamp": "",
            "name": "Payment Service",
            "response_play": null,
            "scheduled_actions": [],
            "status": "active",
            "support_hours": [],
            "type": "service"
          },
          "private": "bnVsbA==",
          "dependencies": [
            "module.common_objects.pagerduty_escalation_policy.operations",
            "module.common_objects.pagerduty_schedule.it_management",
            "module.common_objects.pagerduty_schedule.operations_level_1",
            "module.common_objects.pagerduty_schedule.operations_level_2",
            "module.common_objects.pagerduty_team.operations",
            "module.common_objects.pagerduty_user.paul_miller",
            "module.common_objects.pagerduty_user.ronald_green"
          ]
        },
        {
          "index_key": "1-11",
          "schema_version": 0,
          "attributes": {
            "acknowledgement_timeout": "1800",
            "alert_creation": "create_incidents",
            "alert_grouping": null,
            "alert_grouping_parameters": [],
            "alert_grouping_timeout": "null",
            "auto_pause_notifications_parameters": [],
            "auto_resolve_timeout": "14400",
            "created_at": "2023-02-01T16:48:47+00:00",
            "description": "",
            "escalation_policy": "P614HL0",
            "html_url": "https://pdt-jpickles.eu.pagerduty.com/service-directory/P59Z1BO",
            "id": "P59Z1BO",
            "incident_urgency_rule": [
              {
                "during_support_hours": [],
                "outside_support_hours": [],
                "type": "constant",
                "urgency": "high"
              }
            ],
            "last_incident_timestamp": "",
            "name": "Ad Service",
            "response_play": null,
            "scheduled_actions": [],
            "status": "active",
            "support_hours": [],
            "type": "service"
          },
          "private": "bnVsbA==",
          "dependencies": [
            "module.common_objects.pagerduty_escalation_policy.operations",
            "module.common_objects.pagerduty_schedule.it_management",
            "module.common_objects.pagerduty_schedule.operations_level_1",
            "module.common_objects.pagerduty_schedule.operations_level_2",
            "module.common_objects.pagerduty_team.operations",
            "module.common_objects.pagerduty_user.paul_miller",
            "module.common_objects.pagerduty_user.ronald_green"
          ]
        },
        {
          "index_key": "1-2",
          "schema_version": 0,
          "attributes": {
            "acknowledgement_timeout": "1800",
            "alert_creation": "create_incidents",
            "alert_grouping": null,
            "alert_grouping_parameters": [],
            "alert_grouping_timeout": "null",
            "auto_pause_notifications_parameters": [],
            "auto_resolve_timeout": "14400",
            "created_at": "2023-02-01T16:48:49+00:00",
            "description": "",
            "escalation_policy": "P614HL0",
            "html_url": "https://pdt-jpickles.eu.pagerduty.com/service-directory/PST0KDP",
            "id": "PST0KDP",
            "incident_urgency_rule": [
              {
                "during_support_hours": [],
                "outside_support_hours": [],
                "type": "constant",
                "urgency": "high"
              }
            ],
            "last_incident_timestamp": "",
            "name": "Website Frontend",
            "response_play": null,
            "scheduled_actions": [],
            "status": "active",
            "support_hours": [],
            "type": "service"
          },
          "private": "bnVsbA==",
          "dependencies": [
            "module.common_objects.pagerduty_escalation_policy.operations",
            "module.common_objects.pagerduty_schedule.it_management",
            "module.common_objects.pagerduty_schedule.operations_level_1",
            "module.common_objects.pagerduty_schedule.operations_level_2",
            "module.common_objects.pagerduty_team.operations",
            "module.common_objects.pagerduty_user.paul_miller",
            "module.common_objects.pagerduty_user.ronald_green"
          ]
        },
        {
          "index_key": "1-3",
          "schema_version": 0,
          "attributes": {
            "acknowledgement_timeout": "1800",
            "alert_creation": "create_incidents",
            "alert_grouping": null,
            "alert_grouping_parameters": [],
            "alert_grouping_timeout": "null",
            "auto_pause_notifications_parameters": [],
            "auto_resolve_timeout": "14400",
            "created_at": "2023-02-01T16:48:51+00:00",
            "description": "",
            "escalation_policy": "P614HL0",
            "html_url": "https://pdt-jpickles.eu.pagerduty.com/service-directory/PVQGFQA",
            "id": "PVQGFQA",
            "incident_urgency_rule": [
              {
                "during_support_hours": [],
                "outside_support_hours": [],
                "type": "constant",
                "urgency": "high"
              }
            ],
            "last_incident_timestamp": "",
            "name": "Checkout Service",
            "response_play": null,
            "scheduled_actions": [],
            "status": "active",
            "support_hours": [],
            "type": "service"
          },
          "private": "bnVsbA==",
          "dependencies": [
            "module.common_objects.pagerduty_escalation_policy.operations",
            "module.common_objects.pagerduty_schedule.it_management",
            "module.common_objects.pagerduty_schedule.operations_level_1",
            "module.common_objects.pagerduty_schedule.operations_level_2",
            "module.common_objects.pagerduty_team.operations",
            "module.common_objects.pagerduty_user.paul_miller",
            "module.common_objects.pagerduty_user.ronald_green"
          ]
        },
        {
          "index_key": "1-4",
          "schema_version": 0,
          "attributes": {
            "acknowledgement_timeout": "1800",
            "alert_creation": "create_incidents",
            "alert_grouping": null,
            "alert_grouping_parameters": [],
            "alert_grouping_timeout": "null",
            "auto_pause_notifications_parameters": [],
            "auto_resolve_timeout": "14400",
            "created_at": "2023-02-01T16:48:49+00:00",
            "description": "",
            "escalation_policy": "P614HL0",
            "html_url": "https://pdt-jpickles.eu.pagerduty.com/service-directory/P87RJOZ",
            "id": "P87RJOZ",
            "incident_urgency_rule": [
              {
                "during_support_hours": [],
                "outside_support_hours": [],
                "type": "constant",
                "urgency": "high"
              }
            ],
            "last_incident_timestamp": "",
            "name": "Recommendation Service",
            "response_play": null,
            "scheduled_actions": [],
            "status": "active",
            "support_hours": [],
            "type": "service"
          },
          "private": "bnVsbA==",
          "dependencies": [
            "module.common_objects.pagerduty_escalation_policy.operations",
            "module.common_objects.pagerduty_schedule.it_management",
            "module.common_objects.pagerduty_schedule.operations_level_1",
            "module.common_objects.pagerduty_schedule.operations_level_2",
            "module.common_objects.pagerduty_team.operations",
            "module.common_objects.pagerduty_user.paul_miller",
            "module.common_objects.pagerduty_user.ronald_green"
          ]
        },
        {
          "index_key": "1-5",
          "schema_version": 0,
          "attributes": {
            "acknowledgement_timeout": "1800",
            "alert_creation": "create_incidents",
            "alert_grouping": null,
            "alert_grouping_parameters": [],
            "alert_grouping_timeout": "null",
            "auto_pause_notifications_parameters": [],
            "auto_resolve_timeout": "14400",
            "created_at": "2023-02-01T16:48:49+00:00",
            "description": "",
            "escalation_policy": "P614HL0",
            "html_url": "https://pdt-jpickles.eu.pagerduty.com/service-directory/POGCK0M",
            "id": "POGCK0M",
            "incident_urgency_rule": [
              {
                "during_support_hours": [],
                "outside_support_hours": [],
                "type": "constant",
                "urgency": "high"
              }
            ],
            "last_incident_timestamp": "",
            "name": "Shipping Service",
            "response_play": null,
            "scheduled_actions": [],
            "status": "active",
            "support_hours": [],
            "type": "service"
          },
          "private": "bnVsbA==",
          "dependencies": [
            "module.common_objects.pagerduty_escalation_policy.operations",
            "module.common_objects.pagerduty_schedule.it_management",
            "module.common_objects.pagerduty_schedule.operations_level_1",
            "module.common_objects.pagerduty_schedule.operations_level_2",
            "module.common_objects.pagerduty_team.operations",
            "module.common_objects.pagerduty_user.paul_miller",
            "module.common_objects.pagerduty_user.ronald_green"
          ]
        },
        {
          "index_key": "1-6",
          "schema_version": 0,
          "attributes": {
            "acknowledgement_timeout": "1800",
            "alert_creation": "create_incidents",
            "alert_grouping": null,
            "alert_grouping_parameters": [],
            "alert_grouping_timeout": "null",
            "auto_pause_notifications_parameters": [],
            "auto_resolve_timeout": "14400",
            "created_at": "2023-02-01T16:48:47+00:00",
            "description": "",
            "escalation_policy": "P614HL0",
            "html_url": "https://pdt-jpickles.eu.pagerduty.com/service-directory/PGK90WF",
            "id": "PGK90WF",
            "incident_urgency_rule": [
              {
                "during_support_hours": [],
                "outside_support_hours": [],
                "type": "constant",
                "urgency": "high"
              }
            ],
            "last_incident_timestamp": "",
            "name": "Email Service",
            "response_play": null,
            "scheduled_actions": [],
            "status": "active",
            "support_hours": [],
            "type": "service"
          },
          "private": "bnVsbA==",
          "dependencies": [
            "module.common_objects.pagerduty_escalation_policy.operations",
            "module.common_objects.pagerduty_schedule.it_management",
            "module.common_objects.pagerduty_schedule.operations_level_1",
            "module.common_objects.pagerduty_schedule.operations_level_2",
            "module.common_objects.pagerduty_team.operations",
            "module.common_objects.pagerduty_user.paul_miller",
            "module.common_objects.pagerduty_user.ronald_green"
          ]
        },
        {
          "index_key": "1-7",
          "schema_version": 0,
          "attributes": {
            "acknowledgement_timeout": "1800",
            "alert_creation": "create_incidents",
            "alert_grouping": null,
            "alert_grouping_parameters": [],
            "alert_grouping_timeout": "null",
            "auto_pause_notifications_parameters": [],
            "auto_resolve_timeout": "14400",
            "created_at": "2023-02-01T16:48:47+00:00",
            "description": "",
            "escalation_policy": "P614HL0",
            "html_url": "https://pdt-jpickles.eu.pagerduty.com/service-directory/PT4W3FR",
            "id": "PT4W3FR",
            "incident_urgency_rule": [
              {
                "during_support_hours": [],
                "outside_support_hours": [],
                "type": "constant",
                "urgency": "high"
              }
            ],
            "last_incident_timestamp": "",
            "name": "Currency Service",
            "response_play": null,
            "scheduled_actions": [],
            "status": "active",
            "support_hours": [],
            "type": "service"
          },
          "private": "bnVsbA==",
          "dependencies": [
            "module.common_objects.pagerduty_escalation_policy.operations",
            "module.common_objects.pagerduty_schedule.it_management",
            "module.common_objects.pagerduty_schedule.operations_level_1",
            "module.common_objects.pagerduty_schedule.operations_level_2",
            "module.common_objects.pagerduty_team.operations",
            "module.common_objects.pagerduty_user.paul_miller",
            "module.common_objects.pagerduty_user.ronald_green"
          ]
        },
        {
          "index_key": "1-8",
          "schema_version": 0,
          "attributes": {
            "acknowledgement_timeout": "1800",
            "alert_creation": "create_incidents",
            "alert_grouping": null,
            "alert_grouping_parameters": [],
            "alert_grouping_timeout": "null",
            "auto_pause_notifications_parameters": [],
            "auto_resolve_timeout": "14400",
            "created_at": "2023-02-01T16:48:49+00:00",
            "description": "",
            "escalation_policy": "P614HL0",
            "html_url": "https://pdt-jpickles.eu.pagerduty.com/service-directory/PG8DHUD",
            "id": "PG8DHUD",
            "incident_urgency_rule": [
              {
                "during_support_hours": [],
                "outside_support_hours": [],
                "type": "constant",
                "urgency": "high"
              }
            ],
            "last_incident_timestamp": "",
            "name": "Product Catalog Service",
            "response_play": null,
            "scheduled_actions": [],
            "status": "active",
            "support_hours": [],
            "type": "service"
          },
          "private": "bnVsbA==",
          "dependencies": [
            "module.common_objects.pagerduty_escalation_policy.operations",
            "module.common_objects.pagerduty_schedule.it_management",
            "module.common_objects.pagerduty_schedule.operations_level_1",
            "module.common_objects.pagerduty_schedule.operations_level_2",
            "module.common_objects.pagerduty_team.operations",
            "module.common_objects.pagerduty_user.paul_miller",
            "module.common_objects.pagerduty_user.ronald_green"
          ]
        },
        {
          "index_key": "1-9",
          "schema_version": 0,
          "attributes": {
            "acknowledgement_timeout": "1800",
            "alert_creation": "create_incidents",
            "alert_grouping": null,
            "alert_grouping_parameters": [],
            "alert_grouping_timeout": "null",
            "auto_pause_notifications_parameters": [],
            "auto_resolve_timeout": "14400",
            "created_at": "2023-02-01T16:48:50+00:00",
            "description": "",
            "escalation_policy": "P614HL0",
            "html_url": "https://pdt-jpickles.eu.pagerduty.com/service-directory/PCZSGFQ",
            "id": "PCZSGFQ",
            "incident_urgency_rule": [
              {
                "during_support_hours": [],
                "outside_support_hours": [],
                "type": "constant",
                "urgency": "high"
              }
            ],
            "last_incident_timestamp": "",
            "name": "Cart Service",
            "response_play": null,
            "scheduled_actions": [],
            "status": "active",
            "support_hours": [],
            "type": "service"
          },
          "private": "bnVsbA==",
          "dependencies": [
            "module.common_objects.pagerduty_escalation_policy.operations",
            "module.common_objects.pagerduty_schedule.it_management",
            "module.common_objects.pagerduty_schedule.operations_level_1",
            "module.common_objects.pagerduty_schedule.operations_level_2",
            "module.common_objects.pagerduty_team.operations",
            "module.common_objects.pagerduty_user.paul_miller",
            "module.common_objects.pagerduty_user.ronald_green"
          ]
        }
      ]
    },
    {
      "mode": "managed",
      "type": "pagerduty_service_dependency",
      "name": "main",
      "provider": "provider[\"registry.terraform.io/pagerduty/pagerduty\"]",
      "instances": [
        {
          "index_key": "0-1/0-2",
          "schema_version": 0,
          "attributes": {
            "dependency": [
              {
                "dependent_service": [
                  {
                    "id": "PV9G338",
                    "type": "business_service"
                  }
                ],
                "supporting_service": [
                  {
                    "id": "P7RJ0M5",
                    "type": "business_service"
                  }
                ],
                "type": ""
              }
            ],
            "id": "D5XADY92F8OGX98PR"
          },
          "private": "bnVsbA==",
          "dependencies": [
            "module.common_objects.pagerduty_escalation_policy.operations",
            "module.common_objects.pagerduty_schedule.it_management",
            "module.common_objects.pagerduty_schedule.operations_level_1",
            "module.common_objects.pagerduty_schedule.operations_level_2",
            "module.common_objects.pagerduty_team.operations",
            "module.common_objects.pagerduty_user.paul_miller",
            "module.common_objects.pagerduty_user.ronald_green",
            "pagerduty_business_service.main",
            "pagerduty_service.main"
          ]
        },
        {
          "index_key": "0-10/0-12",
          "schema_version": 0,
          "attributes": {
            "dependency": [
              {
                "dependent_service": [
                  {
                    "id": "PWDH4UE",
                    "type": "service"
                  }
                ],
                "supporting_service": [
                  {
                    "id": "P0LFHJJ",
                    "type": "service"
                  }
                ],
                "type": ""
              }
            ],
            "id": "D5XBWGCITNIUSBRSH"
          },
          "private": "bnVsbA==",
          "dependencies": [
            "module.common_objects.pagerduty_escalation_policy.operations",
            "module.common_objects.pagerduty_schedule.it_management",
            "module.common_objects.pagerduty_schedule.operations_level_1",
            "module.common_objects.pagerduty_schedule.operations_level_2",
            "module.common_objects.pagerduty_team.operations",
            "module.common_objects.pagerduty_user.paul_miller",
            "module.common_objects.pagerduty_user.ronald_green",
            "pagerduty_business_service.main",
            "pagerduty_service.main"
          ]
        },
        {
          "index_key": "0-10/0-13",
          "schema_version": 0,
          "attributes": {
            "dependency": [
              {
                "dependent_service": [
                  {
                    "id": "PWDH4UE",
                    "type": "service"
                  }
                ],
                "supporting_service": [
                  {
                    "id": "PDNKMHS",
                    "type": "service"
                  }
                ],
                "type": ""
              }
            ],
            "id": "D5XBWGCITNIUSBRS5"
          },
          "private": "bnVsbA==",
          "dependencies": [
            "module.common_objects.pagerduty_escalation_policy.operations",
            "module.common_objects.pagerduty_schedule.it_management",
            "module.common_objects.pagerduty_schedule.operations_level_1",
            "module.common_objects.pagerduty_schedule.operations_level_2",
            "module.common_objects.pagerduty_team.operations",
            "module.common_objects.pagerduty_user.paul_miller",
            "module.common_objects.pagerduty_user.ronald_green",
            "pagerduty_business_service.main",
            "pagerduty_service.main"
          ]
        },
        {
          "index_key": "0-10/0-14",
          "schema_version": 0,
          "attributes": {
            "dependency": [
              {
                "dependent_service": [
                  {
                    "id": "PWDH4UE",
                    "type": "service"
                  }
                ],
                "supporting_service": [
                  {
                    "id": "P4Y3IZ9",
                    "type": "service"
                  }
                ],
                "type": ""
              }
            ],
            "id": "D5XBWGCITNIUSBRSG"
          },
          "private": "bnVsbA==",
          "dependencies": [
            "module.common_objects.pagerduty_escalation_policy.operations",
            "module.common_objects.pagerduty_schedule.it_management",
            "module.common_objects.pagerduty_schedule.operations_level_1",
            "module.common_objects.pagerduty_schedule.operations_level_2",
            "module.common_objects.pagerduty_team.operations",
            "module.common_objects.pagerduty_user.paul_miller",
            "module.common_objects.pagerduty_user.ronald_green",
            "pagerduty_business_service.main",
            "pagerduty_service.main"
          ]
        },
        {
          "index_key": "0-10/0-15",
          "schema_version": 0,
          "attributes": {
            "dependency": [
              {
                "dependent_service": [
                  {
                    "id": "PWDH4UE",
                    "type": "service"
                  }
                ],
                "supporting_service": [
                  {
                    "id": "PAQ5574",
                    "type": "service"
                  }
                ],
                "type": ""
              }
            ],
            "id": "D5XBWGCITNIUSBRSF"
          },
          "private": "bnVsbA==",
          "dependencies": [
            "module.common_objects.pagerduty_escalation_policy.operations",
            "module.common_objects.pagerduty_schedule.it_management",
            "module.common_objects.pagerduty_schedule.operations_level_1",
            "module.common_objects.pagerduty_schedule.operations_level_2",
            "module.common_objects.pagerduty_team.operations",
            "module.common_objects.pagerduty_user.paul_miller",
            "module.common_objects.pagerduty_user.ronald_green",
            "pagerduty_business_service.main",
            "pagerduty_service.main"
          ]
        },
        {
          "index_key": "0-11/0-13",
          "schema_version": 0,
          "attributes": {
            "dependency": [
              {
                "dependent_service": [
                  {
                    "id": "PDMT5JU",
                    "type": "service"
                  }
                ],
                "supporting_service": [
                  {
                    "id": "PDNKMHS",
                    "type": "service"
                  }
                ],
                "type": ""
              }
            ],
            "id": "D5XBOO1QRLEIIQU79"
          },
          "private": "bnVsbA==",
          "dependencies": [
            "module.common_objects.pagerduty_escalation_policy.operations",
            "module.common_objects.pagerduty_schedule.it_management",
            "module.common_objects.pagerduty_schedule.operations_level_1",
            "module.common_objects.pagerduty_schedule.operations_level_2",
            "module.common_objects.pagerduty_team.operations",
            "module.common_objects.pagerduty_user.paul_miller",
            "module.common_objects.pagerduty_user.ronald_green",
            "pagerduty_business_service.main",
            "pagerduty_service.main"
          ]
        },
        {
          "index_key": "0-11/0-14",
          "schema_version": 0,
          "attributes": {
            "dependency": [
              {
                "dependent_service": [
                  {
                    "id": "PDMT5JU",
                    "type": "service"
                  }
                ],
                "supporting_service": [
                  {
                    "id": "P4Y3IZ9",
                    "type": "service"
                  }
                ],
                "type": ""
              }
            ],
            "id": "D5XBOO1QRLEIIQU7K"
          },
          "private": "bnVsbA==",
          "dependencies": [
            "module.common_objects.pagerduty_escalation_policy.operations",
            "module.common_objects.pagerduty_schedule.it_management",
            "module.common_objects.pagerduty_schedule.operations_level_1",
            "module.common_objects.pagerduty_schedule.operations_level_2",
            "module.common_objects.pagerduty_team.operations",
            "module.common_objects.pagerduty_user.paul_miller",
            "module.common_objects.pagerduty_user.ronald_green",
            "pagerduty_business_service.main",
            "pagerduty_service.main"
          ]
        },
        {
          "index_key": "0-11/0-15",
          "schema_version": 0,
          "attributes": {
            "dependency": [
              {
                "dependent_service": [
                  {
                    "id": "PDMT5JU",
                    "type": "service"
                  }
                ],
                "supporting_service": [
                  {
                    "id": "PAQ5574",
                    "type": "service"
                  }
                ],
                "type": ""
              }
            ],
            "id": "D5XBOO1QRLEIIQU7J"
          },
          "private": "bnVsbA==",
          "dependencies": [
            "module.common_objects.pagerduty_escalation_policy.operations",
            "module.common_objects.pagerduty_schedule.it_management",
            "module.common_objects.pagerduty_schedule.operations_level_1",
            "module.common_objects.pagerduty_schedule.operations_level_2",
            "module.common_objects.pagerduty_team.operations",
            "module.common_objects.pagerduty_user.paul_miller",
            "module.common_objects.pagerduty_user.ronald_green",
            "pagerduty_business_service.main",
            "pagerduty_service.main"
          ]
        },
        {
          "index_key": "0-11/0-16",
          "schema_version": 0,
          "attributes": {
            "dependency": [
              {
                "dependent_service": [
                  {
                    "id": "PDMT5JU",
                    "type": "service"
                  }
                ],
                "supporting_service": [
                  {
                    "id": "P1AO0LL",
                    "type": "service"
                  }
                ],
                "type": ""
              }
            ],
            "id": "D5XBOO1QRLEIIQU7I"
          },
          "private": "bnVsbA==",
          "dependencies": [
            "module.common_objects.pagerduty_escalation_policy.operations",
            "module.common_objects.pagerduty_schedule.it_management",
            "module.common_objects.pagerduty_schedule.operations_level_1",
            "module.common_objects.pagerduty_schedule.operations_level_2",
            "module.common_objects.pagerduty_team.operations",
            "module.common_objects.pagerduty_user.paul_miller",
            "module.common_objects.pagerduty_user.ronald_green",
            "pagerduty_business_service.main",
            "pagerduty_service.main"
          ]
        },
        {
          "index_key": "0-11/0-17",
          "schema_version": 0,
          "attributes": {
            "dependency": [
              {
                "dependent_service": [
                  {
                    "id": "PDMT5JU",
                    "type": "service"
                  }
                ],
                "supporting_service": [
                  {
                    "id": "PKWX195",
                    "type": "service"
                  }
                ],
                "type": ""
              }
            ],
            "id": "D5XBOO1QRLEIIQU7O"
          },
          "private": "bnVsbA==",
          "dependencies": [
            "module.common_objects.pagerduty_escalation_policy.operations",
            "module.common_objects.pagerduty_schedule.it_management",
            "module.common_objects.pagerduty_schedule.operations_level_1",
            "module.common_objects.pagerduty_schedule.operations_level_2",
            "module.common_objects.pagerduty_team.operations",
            "module.common_objects.pagerduty_user.paul_miller",
            "module.common_objects.pagerduty_user.ronald_green",
            "pagerduty_business_service.main",
            "pagerduty_service.main"
          ]
        },
        {
          "index_key": "0-2/0-3",
          "schema_version": 0,
          "attributes": {
            "dependency": [
              {
                "dependent_service": [
                  {
                    "id": "P7RJ0M5",
                    "type": "business_service"
                  }
                ],
                "supporting_service": [
                  {
                    "id": "PCVS4UL",
                    "type": "business_service"
                  }
                ],
                "type": ""
              }
            ],
            "id": "D5XAPMP8IBUZBMN2Y"
          },
          "private": "bnVsbA==",
          "dependencies": [
            "module.common_objects.pagerduty_escalation_policy.operations",
            "module.common_objects.pagerduty_schedule.it_management",
            "module.common_objects.pagerduty_schedule.operations_level_1",
            "module.common_objects.pagerduty_schedule.operations_level_2",
            "module.common_objects.pagerduty_team.operations",
            "module.common_objects.pagerduty_user.paul_miller",
            "module.common_objects.pagerduty_user.ronald_green",
            "pagerduty_business_service.main",
            "pagerduty_service.main"
          ]
        },
        {
          "index_key": "0-2/0-4",
          "schema_version": 0,
          "attributes": {
            "dependency": [
              {
                "dependent_service": [
                  {
                    "id": "P7RJ0M5",
                    "type": "business_service"
                  }
                ],
                "supporting_service": [
                  {
                    "id": "P3FY09F",
                    "type": "business_service"
                  }
                ],
                "type": ""
              }
            ],
            "id": "D5XAPMP8IBUZBMN34"
          },
          "private": "bnVsbA==",
          "dependencies": [
            "module.common_objects.pagerduty_escalation_policy.operations",
            "module.common_objects.pagerduty_schedule.it_management",
            "module.common_objects.pagerduty_schedule.operations_level_1",
            "module.common_objects.pagerduty_schedule.operations_level_2",
            "module.common_objects.pagerduty_team.operations",
            "module.common_objects.pagerduty_user.paul_miller",
            "module.common_objects.pagerduty_user.ronald_green",
            "pagerduty_business_service.main",
            "pagerduty_service.main"
          ]
        },
        {
          "index_key": "0-2/0-5",
          "schema_version": 0,
          "attributes": {
            "dependency": [
              {
                "dependent_service": [
                  {
                    "id": "P7RJ0M5",
                    "type": "business_service"
                  }
                ],
                "supporting_service": [
                  {
                    "id": "PYJ43FY",
                    "type": "business_service"
                  }
                ],
                "type": ""
              }
            ],
            "id": "D5XAPMP8IBUZBMN2Z"
          },
          "private": "bnVsbA==",
          "dependencies": [
            "module.common_objects.pagerduty_escalation_policy.operations",
            "module.common_objects.pagerduty_schedule.it_management",
            "module.common_objects.pagerduty_schedule.operations_level_1",
            "module.common_objects.pagerduty_schedule.operations_level_2",
            "module.common_objects.pagerduty_team.operations",
            "module.common_objects.pagerduty_user.paul_miller",
            "module.common_objects.pagerduty_user.ronald_green",
            "pagerduty_business_service.main",
            "pagerduty_service.main"
          ]
        },
        {
          "index_key": "0-2/0-6",
          "schema_version": 0,
          "attributes": {
            "dependency": [
              {
                "dependent_service": [
                  {
                    "id": "P7RJ0M5",
                    "type": "business_service"
                  }
                ],
                "supporting_service": [
                  {
                    "id": "PRAV2QI",
                    "type": "business_service"
                  }
                ],
                "type": ""
              }
            ],
            "id": "D5XAPMP8IBUZBMN31"
          },
          "private": "bnVsbA==",
          "dependencies": [
            "module.common_objects.pagerduty_escalation_policy.operations",
            "module.common_objects.pagerduty_schedule.it_management",
            "module.common_objects.pagerduty_schedule.operations_level_1",
            "module.common_objects.pagerduty_schedule.operations_level_2",
            "module.common_objects.pagerduty_team.operations",
            "module.common_objects.pagerduty_user.paul_miller",
            "module.common_objects.pagerduty_user.ronald_green",
            "pagerduty_business_service.main",
            "pagerduty_service.main"
          ]
        },
        {
          "index_key": "0-3/0-19",
          "schema_version": 0,
          "attributes": {
            "dependency": [
              {
                "dependent_service": [
                  {
                    "id": "PCVS4UL",
                    "type": "business_service"
                  }
                ],
                "supporting_service": [
                  {
                    "id": "PJI1I73",
                    "type": "service"
                  }
                ],
                "type": ""
              }
            ],
            "id": "D5XA65YAD6K4NOB55"
          },
          "private": "bnVsbA==",
          "dependencies": [
            "module.common_objects.pagerduty_escalation_policy.operations",
            "module.common_objects.pagerduty_schedule.it_management",
            "module.common_objects.pagerduty_schedule.operations_level_1",
            "module.common_objects.pagerduty_schedule.operations_level_2",
            "module.common_objects.pagerduty_team.operations",
            "module.common_objects.pagerduty_user.paul_miller",
            "module.common_objects.pagerduty_user.ronald_green",
            "pagerduty_business_service.main",
            "pagerduty_service.main"
          ]
        },
        {
          "index_key": "0-5/0-10",
          "schema_version": 0,
          "attributes": {
            "dependency": [
              {
                "dependent_service": [
                  {
                    "id": "PYJ43FY",
                    "type": "business_service"
                  }
                ],
                "supporting_service": [
                  {
                    "id": "PWDH4UE",
                    "type": "service"
                  }
                ],
                "type": ""
              }
            ],
            "id": "D5XAA23OE7MASGRXM"
          },
          "private": "bnVsbA==",
          "dependencies": [
            "module.common_objects.pagerduty_escalation_policy.operations",
            "module.common_objects.pagerduty_schedule.it_management",
            "module.common_objects.pagerduty_schedule.operations_level_1",
            "module.common_objects.pagerduty_schedule.operations_level_2",
            "module.common_objects.pagerduty_team.operations",
            "module.common_objects.pagerduty_user.paul_miller",
            "module.common_objects.pagerduty_user.ronald_green",
            "pagerduty_business_service.main",
            "pagerduty_service.main"
          ]
        },
        {
          "index_key": "0-5/0-11",
          "schema_version": 0,
          "attributes": {
            "dependency": [
              {
                "dependent_service": [
                  {
                    "id": "PYJ43FY",
                    "type": "business_service"
                  }
                ],
                "supporting_service": [
                  {
                    "id": "PDMT5JU",
                    "type": "service"
                  }
                ],
                "type": ""
              }
            ],
            "id": "D5XAA23OE7MASGRXK"
          },
          "private": "bnVsbA==",
          "dependencies": [
            "module.common_objects.pagerduty_escalation_policy.operations",
            "module.common_objects.pagerduty_schedule.it_management",
            "module.common_objects.pagerduty_schedule.operations_level_1",
            "module.common_objects.pagerduty_schedule.operations_level_2",
            "module.common_objects.pagerduty_team.operations",
            "module.common_objects.pagerduty_user.paul_miller",
            "module.common_objects.pagerduty_user.ronald_green",
            "pagerduty_business_service.main",
            "pagerduty_service.main"
          ]
        },
        {
          "index_key": "0-5/0-7",
          "schema_version": 0,
          "attributes": {
            "dependency": [
              {
                "dependent_service": [
                  {
                    "id": "PYJ43FY",
                    "type": "business_service"
                  }
                ],
                "supporting_service": [
                  {
                    "id": "PZ04G30",
                    "type": "service"
                  }
                ],
                "type": ""
              }
            ],
            "id": "D5XAA23OE7MASGRXJ"
          },
          "private": "bnVsbA==",
          "dependencies": [
            "module.common_objects.pagerduty_escalation_policy.operations",
            "module.common_objects.pagerduty_schedule.it_management",
            "module.common_objects.pagerduty_schedule.operations_level_1",
            "module.common_objects.pagerduty_schedule.operations_level_2",
            "module.common_objects.pagerduty_team.operations",
            "module.common_objects.pagerduty_user.paul_miller",
            "module.common_objects.pagerduty_user.ronald_green",
            "pagerduty_business_service.main",
            "pagerduty_service.main"
          ]
        },
        {
          "index_key": "0-5/0-8",
          "schema_version": 0,
          "attributes": {
            "dependency": [
              {
                "dependent_service": [
                  {
                    "id": "PYJ43FY",
                    "type": "business_service"
                  }
                ],
                "supporting_service": [
                  {
                    "id": "PZBZM52",
                    "type": "service"
                  }
                ],
                "type": ""
              }
            ],
            "id": "D5XAA23OE7MASGRXP"
          },
          "private": "bnVsbA==",
          "dependencies": [
            "module.common_objects.pagerduty_escalation_policy.operations",
            "module.common_objects.pagerduty_schedule.it_management",
            "module.common_objects.pagerduty_schedule.operations_level_1",
            "module.common_objects.pagerduty_schedule.operations_level_2",
            "module.common_objects.pagerduty_team.operations",
            "module.common_objects.pagerduty_user.paul_miller",
            "module.common_objects.pagerduty_user.ronald_green",
            "pagerduty_business_service.main",
            "pagerduty_service.main"
          ]
        },
        {
          "index_key": "0-6/0-10",
          "schema_version": 0,
          "attributes": {
            "dependency": [
              {
                "dependent_service": [
                  {
                    "id": "PRAV2QI",
                    "type": "business_service"
                  }
                ],
                "supporting_service": [
                  {
                    "id": "PWDH4UE",
                    "type": "service"
                  }
                ],
                "type": ""
              }
            ],
            "id": "D5XAHUEGG9QN21PII"
          },
          "private": "bnVsbA==",
          "dependencies": [
            "module.common_objects.pagerduty_escalation_policy.operations",
            "module.common_objects.pagerduty_schedule.it_management",
            "module.common_objects.pagerduty_schedule.operations_level_1",
            "module.common_objects.pagerduty_schedule.operations_level_2",
            "module.common_objects.pagerduty_team.operations",
            "module.common_objects.pagerduty_user.paul_miller",
            "module.common_objects.pagerduty_user.ronald_green",
            "pagerduty_business_service.main",
            "pagerduty_service.main"
          ]
        },
        {
          "index_key": "0-6/0-11",
          "schema_version": 0,
          "attributes": {
            "dependency": [
              {
                "dependent_service": [
                  {
                    "id": "PRAV2QI",
                    "type": "business_service"
                  }
                ],
                "supporting_service": [
                  {
                    "id": "PDMT5JU",
                    "type": "service"
                  }
                ],
                "type": ""
              }
            ],
            "id": "D5XAHUEGG9QN21PIG"
          },
          "private": "bnVsbA==",
          "dependencies": [
            "module.common_objects.pagerduty_escalation_policy.operations",
            "module.common_objects.pagerduty_schedule.it_management",
            "module.common_objects.pagerduty_schedule.operations_level_1",
            "module.common_objects.pagerduty_schedule.operations_level_2",
            "module.common_objects.pagerduty_team.operations",
            "module.common_objects.pagerduty_user.paul_miller",
            "module.common_objects.pagerduty_user.ronald_green",
            "pagerduty_business_service.main",
            "pagerduty_service.main"
          ]
        },
        {
          "index_key": "0-6/0-9",
          "schema_version": 0,
          "attributes": {
            "dependency": [
              {
                "dependent_service": [
                  {
                    "id": "PRAV2QI",
                    "type": "business_service"
                  }
                ],
                "supporting_service": [
                  {
                    "id": "PPV8331",
                    "type": "service"
                  }
                ],
                "type": ""
              }
            ],
            "id": "D5XAHUEGG9QN21PIB"
          },
          "private": "bnVsbA==",
          "dependencies": [
            "module.common_objects.pagerduty_escalation_policy.operations",
            "module.common_objects.pagerduty_schedule.it_management",
            "module.common_objects.pagerduty_schedule.operations_level_1",
            "module.common_objects.pagerduty_schedule.operations_level_2",
            "module.common_objects.pagerduty_team.operations",
            "module.common_objects.pagerduty_user.paul_miller",
            "module.common_objects.pagerduty_user.ronald_green",
            "pagerduty_business_service.main",
            "pagerduty_service.main"
          ]
        },
        {
          "index_key": "0-7/0-10",
          "schema_version": 0,
          "attributes": {
            "dependency": [
              {
                "dependent_service": [
                  {
                    "id": "PZ04G30",
                    "type": "service"
                  }
                ],
                "supporting_service": [
                  {
                    "id": "PWDH4UE",
                    "type": "service"
                  }
                ],
                "type": ""
              }
            ],
            "id": "D5XBKRWCQKCCDYDEY"
          },
          "private": "bnVsbA==",
          "dependencies": [
            "module.common_objects.pagerduty_escalation_policy.operations",
            "module.common_objects.pagerduty_schedule.it_management",
            "module.common_objects.pagerduty_schedule.operations_level_1",
            "module.common_objects.pagerduty_schedule.operations_level_2",
            "module.common_objects.pagerduty_team.operations",
            "module.common_objects.pagerduty_user.paul_miller",
            "module.common_objects.pagerduty_user.ronald_green",
            "pagerduty_business_service.main",
            "pagerduty_service.main"
          ]
        },
        {
          "index_key": "0-7/0-11",
          "schema_version": 0,
          "attributes": {
            "dependency": [
              {
                "dependent_service": [
                  {
                    "id": "PZ04G30",
                    "type": "service"
                  }
                ],
                "supporting_service": [
                  {
                    "id": "PDMT5JU",
                    "type": "service"
                  }
                ],
                "type": ""
              }
            ],
            "id": "D5XBKRWCQKCCDYDEW"
          },
          "private": "bnVsbA==",
          "dependencies": [
            "module.common_objects.pagerduty_escalation_policy.operations",
            "module.common_objects.pagerduty_schedule.it_management",
            "module.common_objects.pagerduty_schedule.operations_level_1",
            "module.common_objects.pagerduty_schedule.operations_level_2",
            "module.common_objects.pagerduty_team.operations",
            "module.common_objects.pagerduty_user.paul_miller",
            "module.common_objects.pagerduty_user.ronald_green",
            "pagerduty_business_service.main",
            "pagerduty_service.main"
          ]
        },
        {
          "index_key": "0-7/0-12",
          "schema_version": 0,
          "attributes": {
            "dependency": [
              {
                "dependent_service": [
                  {
                    "id": "PZ04G30",
                    "type": "service"
                  }
                ],
                "supporting_service": [
                  {
                    "id": "P0LFHJJ",
                    "type": "service"
                  }
                ],
                "type": ""
              }
            ],
            "id": "D5XBKRWCQKCCDYDF5"
          },
          "private": "bnVsbA==",
          "dependencies": [
            "module.common_objects.pagerduty_escalation_policy.operations",
            "module.common_objects.pagerduty_schedule.it_management",
            "module.common_objects.pagerduty_schedule.operations_level_1",
            "module.common_objects.pagerduty_schedule.operations_level_2",
            "module.common_objects.pagerduty_team.operations",
            "module.common_objects.pagerduty_user.paul_miller",
            "module.common_objects.pagerduty_user.ronald_green",
            "pagerduty_business_service.main",
            "pagerduty_service.main"
          ]
        },
        {
          "index_key": "0-7/0-13",
          "schema_version": 0,
          "attributes": {
            "dependency": [
              {
                "dependent_service": [
                  {
                    "id": "PZ04G30",
                    "type": "service"
                  }
                ],
                "supporting_service": [
                  {
                    "id": "PDNKMHS",
                    "type": "service"
                  }
                ],
                "type": ""
              }
            ],
            "id": "D5XBKRWCQKCCDYDET"
          },
          "private": "bnVsbA==",
          "dependencies": [
            "module.common_objects.pagerduty_escalation_policy.operations",
            "module.common_objects.pagerduty_schedule.it_management",
            "module.common_objects.pagerduty_schedule.operations_level_1",
            "module.common_objects.pagerduty_schedule.operations_level_2",
            "module.common_objects.pagerduty_team.operations",
            "module.common_objects.pagerduty_user.paul_miller",
            "module.common_objects.pagerduty_user.ronald_green",
            "pagerduty_business_service.main",
            "pagerduty_service.main"
          ]
        },
        {
          "index_key": "0-7/0-14",
          "schema_version": 0,
          "attributes": {
            "dependency": [
              {
                "dependent_service": [
                  {
                    "id": "PZ04G30",
                    "type": "service"
                  }
                ],
                "supporting_service": [
                  {
                    "id": "P4Y3IZ9",
                    "type": "service"
                  }
                ],
                "type": ""
              }
            ],
            "id": "D5XBKRWCQKCCDYDF4"
          },
          "private": "bnVsbA==",
          "dependencies": [
            "module.common_objects.pagerduty_escalation_policy.operations",
            "module.common_objects.pagerduty_schedule.it_management",
            "module.common_objects.pagerduty_schedule.operations_level_1",
            "module.common_objects.pagerduty_schedule.operations_level_2",
            "module.common_objects.pagerduty_team.operations",
            "module.common_objects.pagerduty_user.paul_miller",
            "module.common_objects.pagerduty_user.ronald_green",
            "pagerduty_business_service.main",
            "pagerduty_service.main"
          ]
        },
        {
          "index_key": "0-7/0-15",
          "schema_version": 0,
          "attributes": {
            "dependency": [
              {
                "dependent_service": [
                  {
                    "id": "PZ04G30",
                    "type": "service"
                  }
                ],
                "supporting_service": [
                  {
                    "id": "PAQ5574",
                    "type": "service"
                  }
                ],
                "type": ""
              }
            ],
            "id": "D5XBKRWCQKCCDYDF3"
          },
          "private": "bnVsbA==",
          "dependencies": [
            "module.common_objects.pagerduty_escalation_policy.operations",
            "module.common_objects.pagerduty_schedule.it_management",
            "module.common_objects.pagerduty_schedule.operations_level_1",
            "module.common_objects.pagerduty_schedule.operations_level_2",
            "module.common_objects.pagerduty_team.operations",
            "module.common_objects.pagerduty_user.paul_miller",
            "module.common_objects.pagerduty_user.ronald_green",
            "pagerduty_business_service.main",
            "pagerduty_service.main"
          ]
        },
        {
          "index_key": "0-7/0-16",
          "schema_version": 0,
          "attributes": {
            "dependency": [
              {
                "dependent_service": [
                  {
                    "id": "PZ04G30",
                    "type": "service"
                  }
                ],
                "supporting_service": [
                  {
                    "id": "P1AO0LL",
                    "type": "service"
                  }
                ],
                "type": ""
              }
            ],
            "id": "D5XBKRWCQKCCDYDF2"
          },
          "private": "bnVsbA==",
          "dependencies": [
            "module.common_objects.pagerduty_escalation_policy.operations",
            "module.common_objects.pagerduty_schedule.it_management",
            "module.common_objects.pagerduty_schedule.operations_level_1",
            "module.common_objects.pagerduty_schedule.operations_level_2",
            "module.common_objects.pagerduty_team.operations",
            "module.common_objects.pagerduty_user.paul_miller",
            "module.common_objects.pagerduty_user.ronald_green",
            "pagerduty_business_service.main",
            "pagerduty_service.main"
          ]
        },
        {
          "index_key": "0-7/0-18",
          "schema_version": 0,
          "attributes": {
            "dependency": [
              {
                "dependent_service": [
                  {
                    "id": "PZ04G30",
                    "type": "service"
                  }
                ],
                "supporting_service": [
                  {
                    "id": "PW2OLSC",
                    "type": "service"
                  }
                ],
                "type": ""
              }
            ],
            "id": "D5XBKRWCQKCCDYDES"
          },
          "private": "bnVsbA==",
          "dependencies": [
            "module.common_objects.pagerduty_escalation_policy.operations",
            "module.common_objects.pagerduty_schedule.it_management",
            "module.common_objects.pagerduty_schedule.operations_level_1",
            "module.common_objects.pagerduty_schedule.operations_level_2",
            "module.common_objects.pagerduty_team.operations",
            "module.common_objects.pagerduty_user.paul_miller",
            "module.common_objects.pagerduty_user.ronald_green",
            "pagerduty_business_service.main",
            "pagerduty_service.main"
          ]
        },
        {
          "index_key": "0-8/0-10",
          "schema_version": 0,
          "attributes": {
            "dependency": [
              {
                "dependent_service": [
                  {
                    "id": "PZBZM52",
                    "type": "service"
                  }
                ],
                "supporting_service": [
                  {
                    "id": "PWDH4UE",
                    "type": "service"
                  }
                ],
                "type": ""
              }
            ],
            "id": "D5XC84SOWQPD6P65M"
          },
          "private": "bnVsbA==",
          "dependencies": [
            "module.common_objects.pagerduty_escalation_policy.operations",
            "module.common_objects.pagerduty_schedule.it_management",
            "module.common_objects.pagerduty_schedule.operations_level_1",
            "module.common_objects.pagerduty_schedule.operations_level_2",
            "module.common_objects.pagerduty_team.operations",
            "module.common_objects.pagerduty_user.paul_miller",
            "module.common_objects.pagerduty_user.ronald_green",
            "pagerduty_business_service.main",
            "pagerduty_service.main"
          ]
        },
        {
          "index_key": "0-8/0-11",
          "schema_version": 0,
          "attributes": {
            "dependency": [
              {
                "dependent_service": [
                  {
                    "id": "PZBZM52",
                    "type": "service"
                  }
                ],
                "supporting_service": [
                  {
                    "id": "PDMT5JU",
                    "type": "service"
                  }
                ],
                "type": ""
              }
            ],
            "id": "D5XC84SOWQPD6P65K"
          },
          "private": "bnVsbA==",
          "dependencies": [
            "module.common_objects.pagerduty_escalation_policy.operations",
            "module.common_objects.pagerduty_schedule.it_management",
            "module.common_objects.pagerduty_schedule.operations_level_1",
            "module.common_objects.pagerduty_schedule.operations_level_2",
            "module.common_objects.pagerduty_team.operations",
            "module.common_objects.pagerduty_user.paul_miller",
            "module.common_objects.pagerduty_user.ronald_green",
            "pagerduty_business_service.main",
            "pagerduty_service.main"
          ]
        },
        {
          "index_key": "0-8/0-12",
          "schema_version": 0,
          "attributes": {
            "dependency": [
              {
                "dependent_service": [
                  {
                    "id": "PZBZM52",
                    "type": "service"
                  }
                ],
                "supporting_service": [
                  {
                    "id": "P0LFHJJ",
                    "type": "service"
                  }
                ],
                "type": ""
              }
            ],
            "id": "D5XC84SOWQPD6P65T"
          },
          "private": "bnVsbA==",
          "dependencies": [
            "module.common_objects.pagerduty_escalation_policy.operations",
            "module.common_objects.pagerduty_schedule.it_management",
            "module.common_objects.pagerduty_schedule.operations_level_1",
            "module.common_objects.pagerduty_schedule.operations_level_2",
            "module.common_objects.pagerduty_team.operations",
            "module.common_objects.pagerduty_user.paul_miller",
            "module.common_objects.pagerduty_user.ronald_green",
            "pagerduty_business_service.main",
            "pagerduty_service.main"
          ]
        },
        {
          "index_key": "0-8/0-13",
          "schema_version": 0,
          "attributes": {
            "dependency": [
              {
                "dependent_service": [
                  {
                    "id": "PZBZM52",
                    "type": "service"
                  }
                ],
                "supporting_service": [
                  {
                    "id": "PDNKMHS",
                    "type": "service"
                  }
                ],
                "type": ""
              }
            ],
            "id": "D5XC84SOWQPD6P65H"
          },
          "private": "bnVsbA==",
          "dependencies": [
            "module.common_objects.pagerduty_escalation_policy.operations",
            "module.common_objects.pagerduty_schedule.it_management",
            "module.common_objects.pagerduty_schedule.operations_level_1",
            "module.common_objects.pagerduty_schedule.operations_level_2",
            "module.common_objects.pagerduty_team.operations",
            "module.common_objects.pagerduty_user.paul_miller",
            "module.common_objects.pagerduty_user.ronald_green",
            "pagerduty_business_service.main",
            "pagerduty_service.main"
          ]
        },
        {
          "index_key": "0-8/0-14",
          "schema_version": 0,
          "attributes": {
            "dependency": [
              {
                "dependent_service": [
                  {
                    "id": "PZBZM52",
                    "type": "service"
                  }
                ],
                "supporting_service": [
                  {
                    "id": "P4Y3IZ9",
                    "type": "service"
                  }
                ],
                "type": ""
              }
            ],
            "id": "D5XC84SOWQPD6P65S"
          },
          "private": "bnVsbA==",
          "dependencies": [
            "module.common_objects.pagerduty_escalation_policy.operations",
            "module.common_objects.pagerduty_schedule.it_management",
            "module.common_objects.pagerduty_schedule.operations_level_1",
            "module.common_objects.pagerduty_schedule.operations_level_2",
            "module.common_objects.pagerduty_team.operations",
            "module.common_objects.pagerduty_user.paul_miller",
            "module.common_objects.pagerduty_user.ronald_green",
            "pagerduty_business_service.main",
            "pagerduty_service.main"
          ]
        },
        {
          "index_key": "0-8/0-15",
          "schema_version": 0,
          "attributes": {
            "dependency": [
              {
                "dependent_service": [
                  {
                    "id": "PZBZM52",
                    "type": "service"
                  }
                ],
                "supporting_service": [
                  {
                    "id": "PAQ5574",
                    "type": "service"
                  }
                ],
                "type": ""
              }
            ],
            "id": "D5XC84SOWQPD6P65R"
          },
          "private": "bnVsbA==",
          "dependencies": [
            "module.common_objects.pagerduty_escalation_policy.operations",
            "module.common_objects.pagerduty_schedule.it_management",
            "module.common_objects.pagerduty_schedule.operations_level_1",
            "module.common_objects.pagerduty_schedule.operations_level_2",
            "module.common_objects.pagerduty_team.operations",
            "module.common_objects.pagerduty_user.paul_miller",
            "module.common_objects.pagerduty_user.ronald_green",
            "pagerduty_business_service.main",
            "pagerduty_service.main"
          ]
        },
        {
          "index_key": "0-8/0-16",
          "schema_version": 0,
          "attributes": {
            "dependency": [
              {
                "dependent_service": [
                  {
                    "id": "PZBZM52",
                    "type": "service"
                  }
                ],
                "supporting_service": [
                  {
                    "id": "P1AO0LL",
                    "type": "service"
                  }
                ],
                "type": ""
              }
            ],
            "id": "D5XC84SOWQPD6P65Q"
          },
          "private": "bnVsbA==",
          "dependencies": [
            "module.common_objects.pagerduty_escalation_policy.operations",
            "module.common_objects.pagerduty_schedule.it_management",
            "module.common_objects.pagerduty_schedule.operations_level_1",
            "module.common_objects.pagerduty_schedule.operations_level_2",
            "module.common_objects.pagerduty_team.operations",
            "module.common_objects.pagerduty_user.paul_miller",
            "module.common_objects.pagerduty_user.ronald_green",
            "pagerduty_business_service.main",
            "pagerduty_service.main"
          ]
        },
        {
          "index_key": "0-8/0-18",
          "schema_version": 0,
          "attributes": {
            "dependency": [
              {
                "dependent_service": [
                  {
                    "id": "PZBZM52",
                    "type": "service"
                  }
                ],
                "supporting_service": [
                  {
                    "id": "PW2OLSC",
                    "type": "service"
                  }
                ],
                "type": ""
              }
            ],
            "id": "D5XC84SOWQPD6P65G"
          },
          "private": "bnVsbA==",
          "dependencies": [
            "module.common_objects.pagerduty_escalation_policy.operations",
            "module.common_objects.pagerduty_schedule.it_management",
            "module.common_objects.pagerduty_schedule.operations_level_1",
            "module.common_objects.pagerduty_schedule.operations_level_2",
            "module.common_objects.pagerduty_team.operations",
            "module.common_objects.pagerduty_user.paul_miller",
            "module.common_objects.pagerduty_user.ronald_green",
            "pagerduty_business_service.main",
            "pagerduty_service.main"
          ]
        },
        {
          "index_key": "0-9/0-10",
          "schema_version": 0,
          "attributes": {
            "dependency": [
              {
                "dependent_service": [
                  {
                    "id": "PPV8331",
                    "type": "service"
                  }
                ],
                "supporting_service": [
                  {
                    "id": "PWDH4UE",
                    "type": "service"
                  }
                ],
                "type": ""
              }
            ],
            "id": "D5XB57ASMG3NUSI96"
          },
          "private": "bnVsbA==",
          "dependencies": [
            "module.common_objects.pagerduty_escalation_policy.operations",
            "module.common_objects.pagerduty_schedule.it_management",
            "module.common_objects.pagerduty_schedule.operations_level_1",
            "module.common_objects.pagerduty_schedule.operations_level_2",
            "module.common_objects.pagerduty_team.operations",
            "module.common_objects.pagerduty_user.paul_miller",
            "module.common_objects.pagerduty_user.ronald_green",
            "pagerduty_business_service.main",
            "pagerduty_service.main"
          ]
        },
        {
          "index_key": "0-9/0-11",
          "schema_version": 0,
          "attributes": {
            "dependency": [
              {
                "dependent_service": [
                  {
                    "id": "PPV8331",
                    "type": "service"
                  }
                ],
                "supporting_service": [
                  {
                    "id": "PDMT5JU",
                    "type": "service"
                  }
                ],
                "type": ""
              }
            ],
            "id": "D5XB57ASMG3NUSI94"
          },
          "private": "bnVsbA==",
          "dependencies": [
            "module.common_objects.pagerduty_escalation_policy.operations",
            "pagerduty_business_service.main",
            "pagerduty_service.main"
          ]
        },
        {
          "index_key": "0-9/0-12",
          "schema_version": 0,
          "attributes": {
            "dependency": [
              {
                "dependent_service": [
                  {
                    "id": "PPV8331",
                    "type": "service"
                  }
                ],
                "supporting_service": [
                  {
                    "id": "P0LFHJJ",
                    "type": "service"
                  }
                ],
                "type": ""
              }
            ],
            "id": "D5XB57ASMG3NUSI9D"
          },
          "private": "bnVsbA==",
          "dependencies": [
            "module.common_objects.pagerduty_escalation_policy.operations",
            "module.common_objects.pagerduty_schedule.it_management",
            "module.common_objects.pagerduty_schedule.operations_level_1",
            "module.common_objects.pagerduty_schedule.operations_level_2",
            "module.common_objects.pagerduty_team.operations",
            "module.common_objects.pagerduty_user.paul_miller",
            "module.common_objects.pagerduty_user.ronald_green",
            "pagerduty_business_service.main",
            "pagerduty_service.main"
          ]
        },
        {
          "index_key": "0-9/0-13",
          "schema_version": 0,
          "attributes": {
            "dependency": [
              {
                "dependent_service": [
                  {
                    "id": "PPV8331",
                    "type": "service"
                  }
                ],
                "supporting_service": [
                  {
                    "id": "PDNKMHS",
                    "type": "service"
                  }
                ],
                "type": ""
              }
            ],
            "id": "D5XB57ASMG3NUSI91"
          },
          "private": "bnVsbA==",
          "dependencies": [
            "module.common_objects.pagerduty_escalation_policy.operations",
            "pagerduty_business_service.main",
            "pagerduty_service.main"
          ]
        },
        {
          "index_key": "0-9/0-14",
          "schema_version": 0,
          "attributes": {
            "dependency": [
              {
                "dependent_service": [
                  {
                    "id": "PPV8331",
                    "type": "service"
                  }
                ],
                "supporting_service": [
                  {
                    "id": "P4Y3IZ9",
                    "type": "service"
                  }
                ],
                "type": ""
              }
            ],
            "id": "D5XB57ASMG3NUSI9C"
          },
          "private": "bnVsbA==",
          "dependencies": [
            "module.common_objects.pagerduty_escalation_policy.operations",
            "module.common_objects.pagerduty_schedule.it_management",
            "module.common_objects.pagerduty_schedule.operations_level_1",
            "module.common_objects.pagerduty_schedule.operations_level_2",
            "module.common_objects.pagerduty_team.operations",
            "module.common_objects.pagerduty_user.paul_miller",
            "module.common_objects.pagerduty_user.ronald_green",
            "pagerduty_business_service.main",
            "pagerduty_service.main"
          ]
        },
        {
          "index_key": "0-9/0-15",
          "schema_version": 0,
          "attributes": {
            "dependency": [
              {
                "dependent_service": [
                  {
                    "id": "PPV8331",
                    "type": "service"
                  }
                ],
                "supporting_service": [
                  {
                    "id": "PAQ5574",
                    "type": "service"
                  }
                ],
                "type": ""
              }
            ],
            "id": "D5XB57ASMG3NUSI9B"
          },
          "private": "bnVsbA==",
          "dependencies": [
            "module.common_objects.pagerduty_escalation_policy.operations",
            "module.common_objects.pagerduty_schedule.it_management",
            "module.common_objects.pagerduty_schedule.operations_level_1",
            "module.common_objects.pagerduty_schedule.operations_level_2",
            "module.common_objects.pagerduty_team.operations",
            "module.common_objects.pagerduty_user.paul_miller",
            "module.common_objects.pagerduty_user.ronald_green",
            "pagerduty_business_service.main",
            "pagerduty_service.main"
          ]
        },
        {
          "index_key": "0-9/0-16",
          "schema_version": 0,
          "attributes": {
            "dependency": [
              {
                "dependent_service": [
                  {
                    "id": "PPV8331",
                    "type": "service"
                  }
                ],
                "supporting_service": [
                  {
                    "id": "P1AO0LL",
                    "type": "service"
                  }
                ],
                "type": ""
              }
            ],
            "id": "D5XB57ASMG3NUSI9A"
          },
          "private": "bnVsbA==",
          "dependencies": [
            "module.common_objects.pagerduty_escalation_policy.operations",
            "module.common_objects.pagerduty_schedule.it_management",
            "module.common_objects.pagerduty_schedule.operations_level_1",
            "module.common_objects.pagerduty_schedule.operations_level_2",
            "module.common_objects.pagerduty_team.operations",
            "module.common_objects.pagerduty_user.paul_miller",
            "module.common_objects.pagerduty_user.ronald_green",
            "pagerduty_business_service.main",
            "pagerduty_service.main"
          ]
        },
        {
          "index_key": "0-9/0-17",
          "schema_version": 0,
          "attributes": {
            "dependency": [
              {
                "dependent_service": [
                  {
                    "id": "PPV8331",
                    "type": "service"
                  }
                ],
                "supporting_service": [
                  {
                    "id": "PKWX195",
                    "type": "service"
                  }
                ],
                "type": ""
              }
            ],
            "id": "D5XB57ASMG3NUSI9G"
          },
          "private": "bnVsbA==",
          "dependencies": [
            "module.common_objects.pagerduty_escalation_policy.operations",
            "module.common_objects.pagerduty_schedule.it_management",
            "module.common_objects.pagerduty_schedule.operations_level_1",
            "module.common_objects.pagerduty_schedule.operations_level_2",
            "module.common_objects.pagerduty_team.operations",
            "module.common_objects.pagerduty_user.paul_miller",
            "module.common_objects.pagerduty_user.ronald_green",
            "pagerduty_business_service.main",
            "pagerduty_service.main"
          ]
        },
        {
          "index_key": "0-9/0-18",
          "schema_version": 0,
          "attributes": {
            "dependency": [
              {
                "dependent_service": [
                  {
                    "id": "PPV8331",
                    "type": "service"
                  }
                ],
                "supporting_service": [
                  {
                    "id": "PW2OLSC",
                    "type": "service"
                  }
                ],
                "type": ""
              }
            ],
            "id": "D5XB57ASMG3NUSI90"
          },
          "private": "bnVsbA==",
          "dependencies": [
            "module.common_objects.pagerduty_escalation_policy.operations",
            "module.common_objects.pagerduty_schedule.it_management",
            "module.common_objects.pagerduty_schedule.operations_level_1",
            "module.common_objects.pagerduty_schedule.operations_level_2",
            "module.common_objects.pagerduty_team.operations",
            "module.common_objects.pagerduty_user.paul_miller",
            "module.common_objects.pagerduty_user.ronald_green",
            "pagerduty_business_service.main",
            "pagerduty_service.main"
          ]
        },
        {
          "index_key": "1-1/1-2",
          "schema_version": 0,
          "attributes": {
            "dependency": [
              {
                "dependent_service": [
                  {
                    "id": "PO171BV",
                    "type": "business_service"
                  }
                ],
                "supporting_service": [
                  {
                    "id": "PST0KDP",
                    "type": "service"
                  }
                ],
                "type": ""
              }
            ],
            "id": "D5XALQJUHAST6U6AU"
          },
          "private": "bnVsbA==",
          "dependencies": [
            "module.common_objects.pagerduty_escalation_policy.operations",
            "pagerduty_business_service.main",
            "pagerduty_service.main"
          ]
        },
        {
          "index_key": "1-2/1-11",
          "schema_version": 0,
          "attributes": {
            "dependency": [
              {
                "dependent_service": [
                  {
                    "id": "PST0KDP",
                    "type": "service"
                  }
                ],
                "supporting_service": [
                  {
                    "id": "P59Z1BO",
                    "type": "service"
                  }
                ],
                "type": ""
              }
            ],
            "id": "D5XBGVQYPJA695WMT"
          },
          "private": "bnVsbA==",
          "dependencies": [
            "module.common_objects.pagerduty_escalation_policy.operations",
            "module.common_objects.pagerduty_schedule.it_management",
            "module.common_objects.pagerduty_schedule.operations_level_1",
            "module.common_objects.pagerduty_schedule.operations_level_2",
            "module.common_objects.pagerduty_team.operations",
            "module.common_objects.pagerduty_user.paul_miller",
            "module.common_objects.pagerduty_user.ronald_green",
            "pagerduty_business_service.main",
            "pagerduty_service.main"
          ]
        },
        {
          "index_key": "1-2/1-3",
          "schema_version": 0,
          "attributes": {
            "dependency": [
              {
                "dependent_service": [
                  {
                    "id": "PST0KDP",
                    "type": "service"
                  }
                ],
                "supporting_service": [
                  {
                    "id": "PVQGFQA",
                    "type": "service"
                  }
                ],
                "type": ""
              }
            ],
            "id": "D5XBGVQYPJA695WM9"
          },
          "private": "bnVsbA==",
          "dependencies": [
            "module.common_objects.pagerduty_escalation_policy.operations",
            "module.common_objects.pagerduty_schedule.it_management",
            "module.common_objects.pagerduty_schedule.operations_level_1",
            "module.common_objects.pagerduty_schedule.operations_level_2",
            "module.common_objects.pagerduty_team.operations",
            "module.common_objects.pagerduty_user.paul_miller",
            "module.common_objects.pagerduty_user.ronald_green",
            "pagerduty_business_service.main",
            "pagerduty_service.main"
          ]
        },
        {
          "index_key": "1-2/1-4",
          "schema_version": 0,
          "attributes": {
            "dependency": [
              {
                "dependent_service": [
                  {
                    "id": "PST0KDP",
                    "type": "service"
                  }
                ],
                "supporting_service": [
                  {
                    "id": "P87RJOZ",
                    "type": "service"
                  }
                ],
                "type": ""
              }
            ],
            "id": "D5XBGVQYPJA695WMJ"
          },
          "private": "bnVsbA==",
          "dependencies": [
            "module.common_objects.pagerduty_escalation_policy.operations",
            "module.common_objects.pagerduty_schedule.it_management",
            "module.common_objects.pagerduty_schedule.operations_level_1",
            "module.common_objects.pagerduty_schedule.operations_level_2",
            "module.common_objects.pagerduty_team.operations",
            "module.common_objects.pagerduty_user.paul_miller",
            "module.common_objects.pagerduty_user.ronald_green",
            "pagerduty_business_service.main",
            "pagerduty_service.main"
          ]
        },
        {
          "index_key": "1-2/1-5",
          "schema_version": 0,
          "attributes": {
            "dependency": [
              {
                "dependent_service": [
                  {
                    "id": "PST0KDP",
                    "type": "service"
                  }
                ],
                "supporting_service": [
                  {
                    "id": "POGCK0M",
                    "type": "service"
                  }
                ],
                "type": ""
              }
            ],
            "id": "D5XBGVQYPJA695WMQ"
          },
          "private": "bnVsbA==",
          "dependencies": [
            "module.common_objects.pagerduty_escalation_policy.operations",
            "module.common_objects.pagerduty_schedule.it_management",
            "module.common_objects.pagerduty_schedule.operations_level_1",
            "module.common_objects.pagerduty_schedule.operations_level_2",
            "module.common_objects.pagerduty_team.operations",
            "module.common_objects.pagerduty_user.paul_miller",
            "module.common_objects.pagerduty_user.ronald_green",
            "pagerduty_business_service.main",
            "pagerduty_service.main"
          ]
        },
        {
          "index_key": "1-2/1-7",
          "schema_version": 0,
          "attributes": {
            "dependency": [
              {
                "dependent_service": [
                  {
                    "id": "PST0KDP",
                    "type": "service"
                  }
                ],
                "supporting_service": [
                  {
                    "id": "PT4W3FR",
                    "type": "service"
                  }
                ],
                "type": ""
              }
            ],
            "id": "D5XBGVQYPJA695WMU"
          },
          "private": "bnVsbA==",
          "dependencies": [
            "module.common_objects.pagerduty_escalation_policy.operations",
            "module.common_objects.pagerduty_schedule.it_management",
            "module.common_objects.pagerduty_schedule.operations_level_1",
            "module.common_objects.pagerduty_schedule.operations_level_2",
            "module.common_objects.pagerduty_team.operations",
            "module.common_objects.pagerduty_user.paul_miller",
            "module.common_objects.pagerduty_user.ronald_green",
            "pagerduty_business_service.main",
            "pagerduty_service.main"
          ]
        },
        {
          "index_key": "1-2/1-8",
          "schema_version": 0,
          "attributes": {
            "dependency": [
              {
                "dependent_service": [
                  {
                    "id": "PST0KDP",
                    "type": "service"
                  }
                ],
                "supporting_service": [
                  {
                    "id": "PG8DHUD",
                    "type": "service"
                  }
                ],
                "type": ""
              }
            ],
            "id": "D5XBGVQYPJA695WMR"
          },
          "private": "bnVsbA==",
          "dependencies": [
            "module.common_objects.pagerduty_escalation_policy.operations",
            "module.common_objects.pagerduty_schedule.it_management",
            "module.common_objects.pagerduty_schedule.operations_level_1",
            "module.common_objects.pagerduty_schedule.operations_level_2",
            "module.common_objects.pagerduty_team.operations",
            "module.common_objects.pagerduty_user.paul_miller",
            "module.common_objects.pagerduty_user.ronald_green",
            "pagerduty_business_service.main",
            "pagerduty_service.main"
          ]
        },
        {
          "index_key": "1-2/1-9",
          "schema_version": 0,
          "attributes": {
            "dependency": [
              {
                "dependent_service": [
                  {
                    "id": "PST0KDP",
                    "type": "service"
                  }
                ],
                "supporting_service": [
                  {
                    "id": "PCZSGFQ",
                    "type": "service"
                  }
                ],
                "type": ""
              }
            ],
            "id": "D5XBGVQYPJA695WMK"
          },
          "private": "bnVsbA==",
          "dependencies": [
            "module.common_objects.pagerduty_escalation_policy.operations",
            "module.common_objects.pagerduty_schedule.it_management",
            "module.common_objects.pagerduty_schedule.operations_level_1",
            "module.common_objects.pagerduty_schedule.operations_level_2",
            "module.common_objects.pagerduty_team.operations",
            "module.common_objects.pagerduty_user.paul_miller",
            "module.common_objects.pagerduty_user.ronald_green",
            "pagerduty_business_service.main",
            "pagerduty_service.main"
          ]
        },
        {
          "index_key": "1-3/1-10",
          "schema_version": 0,
          "attributes": {
            "dependency": [
              {
                "dependent_service": [
                  {
                    "id": "PVQGFQA",
                    "type": "service"
                  }
                ],
                "supporting_service": [
                  {
                    "id": "P8IK2QB",
                    "type": "service"
                  }
                ],
                "type": ""
              }
            ],
            "id": "D5XAXF00KDZBL7KO2"
          },
          "private": "bnVsbA==",
          "dependencies": [
            "module.common_objects.pagerduty_escalation_policy.operations",
            "module.common_objects.pagerduty_schedule.it_management",
            "module.common_objects.pagerduty_schedule.operations_level_1",
            "module.common_objects.pagerduty_schedule.operations_level_2",
            "module.common_objects.pagerduty_team.operations",
            "module.common_objects.pagerduty_user.paul_miller",
            "module.common_objects.pagerduty_user.ronald_green",
            "pagerduty_business_service.main",
            "pagerduty_service.main"
          ]
        },
        {
          "index_key": "1-3/1-5",
          "schema_version": 0,
          "attributes": {
            "dependency": [
              {
                "dependent_service": [
                  {
                    "id": "PVQGFQA",
                    "type": "service"
                  }
                ],
                "supporting_service": [
                  {
                    "id": "POGCK0M",
                    "type": "service"
                  }
                ],
                "type": ""
              }
            ],
            "id": "D5XAXF00KDZBL7KOI"
          },
          "private": "bnVsbA==",
          "dependencies": [
            "module.common_objects.pagerduty_escalation_policy.operations",
            "module.common_objects.pagerduty_schedule.it_management",
            "module.common_objects.pagerduty_schedule.operations_level_1",
            "module.common_objects.pagerduty_schedule.operations_level_2",
            "module.common_objects.pagerduty_team.operations",
            "module.common_objects.pagerduty_user.paul_miller",
            "module.common_objects.pagerduty_user.ronald_green",
            "pagerduty_business_service.main",
            "pagerduty_service.main"
          ]
        },
        {
          "index_key": "1-3/1-6",
          "schema_version": 0,
          "attributes": {
            "dependency": [
              {
                "dependent_service": [
                  {
                    "id": "PVQGFQA",
                    "type": "service"
                  }
                ],
                "supporting_service": [
                  {
                    "id": "PGK90WF",
                    "type": "service"
                  }
                ],
                "type": ""
              }
            ],
            "id": "D5XAXF00KDZBL7KON"
          },
          "private": "bnVsbA==",
          "dependencies": [
            "module.common_objects.pagerduty_escalation_policy.operations",
            "module.common_objects.pagerduty_schedule.it_management",
            "module.common_objects.pagerduty_schedule.operations_level_1",
            "module.common_objects.pagerduty_schedule.operations_level_2",
            "module.common_objects.pagerduty_team.operations",
            "module.common_objects.pagerduty_user.paul_miller",
            "module.common_objects.pagerduty_user.ronald_green",
            "pagerduty_business_service.main",
            "pagerduty_service.main"
          ]
        },
        {
          "index_key": "1-3/1-7",
          "schema_version": 0,
          "attributes": {
            "dependency": [
              {
                "dependent_service": [
                  {
                    "id": "PVQGFQA",
                    "type": "service"
                  }
                ],
                "supporting_service": [
                  {
                    "id": "PT4W3FR",
                    "type": "service"
                  }
                ],
                "type": ""
              }
            ],
            "id": "D5XAXF00KDZBL7KOM"
          },
          "private": "bnVsbA==",
          "dependencies": [
            "module.common_objects.pagerduty_escalation_policy.operations",
            "module.common_objects.pagerduty_schedule.it_management",
            "module.common_objects.pagerduty_schedule.operations_level_1",
            "module.common_objects.pagerduty_schedule.operations_level_2",
            "module.common_objects.pagerduty_team.operations",
            "module.common_objects.pagerduty_user.paul_miller",
            "module.common_objects.pagerduty_user.ronald_green",
            "pagerduty_business_service.main",
            "pagerduty_service.main"
          ]
        },
        {
          "index_key": "1-3/1-8",
          "schema_version": 0,
          "attributes": {
            "dependency": [
              {
                "dependent_service": [
                  {
                    "id": "PVQGFQA",
                    "type": "service"
                  }
                ],
                "supporting_service": [
                  {
                    "id": "PG8DHUD",
                    "type": "service"
                  }
                ],
                "type": ""
              }
            ],
            "id": "D5XAXF00KDZBL7KOJ"
          },
          "private": "bnVsbA==",
          "dependencies": [
            "module.common_objects.pagerduty_escalation_policy.operations",
            "module.common_objects.pagerduty_schedule.it_management",
            "module.common_objects.pagerduty_schedule.operations_level_1",
            "module.common_objects.pagerduty_schedule.operations_level_2",
            "module.common_objects.pagerduty_team.operations",
            "module.common_objects.pagerduty_user.paul_miller",
            "module.common_objects.pagerduty_user.ronald_green",
            "pagerduty_business_service.main",
            "pagerduty_service.main"
          ]
        },
        {
          "index_key": "1-3/1-9",
          "schema_version": 0,
          "attributes": {
            "dependency": [
              {
                "dependent_service": [
                  {
                    "id": "PVQGFQA",
                    "type": "service"
                  }
                ],
                "supporting_service": [
                  {
                    "id": "PCZSGFQ",
                    "type": "service"
                  }
                ],
                "type": ""
              }
            ],
            "id": "D5XAXF00KDZBL7KOC"
          },
          "private": "bnVsbA==",
          "dependencies": [
            "module.common_objects.pagerduty_escalation_policy.operations",
            "module.common_objects.pagerduty_schedule.it_management",
            "module.common_objects.pagerduty_schedule.operations_level_1",
            "module.common_objects.pagerduty_schedule.operations_level_2",
            "module.common_objects.pagerduty_team.operations",
            "module.common_objects.pagerduty_user.paul_miller",
            "module.common_objects.pagerduty_user.ronald_green",
            "pagerduty_business_service.main",
            "pagerduty_service.main"
          ]
        },
        {
          "index_key": "1-4/1-9",
          "schema_version": 0,
          "attributes": {
            "dependency": [
              {
                "dependent_service": [
                  {
                    "id": "P87RJOZ",
                    "type": "service"
                  }
                ],
                "supporting_service": [
                  {
                    "id": "PCZSGFQ",
                    "type": "service"
                  }
                ],
                "type": ""
              }
            ],
            "id": "D5XC0CHWUOL0X48KS"
          },
          "private": "bnVsbA==",
          "dependencies": [
            "module.common_objects.pagerduty_escalation_policy.operations",
            "module.common_objects.pagerduty_schedule.it_management",
            "module.common_objects.pagerduty_schedule.operations_level_1",
            "module.common_objects.pagerduty_schedule.operations_level_2",
            "module.common_objects.pagerduty_team.operations",
            "module.common_objects.pagerduty_user.paul_miller",
            "module.common_objects.pagerduty_user.ronald_green",
            "pagerduty_business_service.main",
            "pagerduty_service.main"
          ]
        }
      ]
    },
    {
      "module": "module.common_objects",
      "mode": "managed",
      "type": "pagerduty_team",
      "name": "executive",
      "provider": "provider[\"registry.terraform.io/pagerduty/pagerduty\"]",
      "instances": [
        {
          "schema_version": 0,
          "attributes": {
            "description": "Executive Stakeholders",
            "html_url": "https://pdt-jpickles.eu.pagerduty.com/teams/PWZAL7G",
            "id": "PWZAL7G",
            "name": "Executive Stakeholders",
            "parent": null
          },
          "private": "bnVsbA=="
        }
      ]
    },
    {
      "module": "module.common_objects",
      "mode": "managed",
      "type": "pagerduty_team",
      "name": "it_management",
      "provider": "provider[\"registry.terraform.io/pagerduty/pagerduty\"]",
      "instances": [
        {
          "schema_version": 0,
          "attributes": {
            "description": "IT Management",
            "html_url": "https://pdt-jpickles.eu.pagerduty.com/teams/PT0PKVT",
            "id": "PT0PKVT",
            "name": "IT Management",
            "parent": null
          },
          "private": "bnVsbA=="
        }
      ]
    },
    {
      "module": "module.common_objects",
      "mode": "managed",
      "type": "pagerduty_team",
      "name": "operations",
      "provider": "provider[\"registry.terraform.io/pagerduty/pagerduty\"]",
      "instances": [
        {
          "schema_version": 0,
          "attributes": {
            "description": "24x7 Operations Team",
            "html_url": "https://pdt-jpickles.eu.pagerduty.com/teams/PA8LLK6",
            "id": "PA8LLK6",
            "name": "Operations",
            "parent": null
          },
          "private": "bnVsbA=="
        }
      ]
    },
    {
      "module": "module.common_objects",
      "mode": "managed",
      "type": "pagerduty_team",
      "name": "support",
      "provider": "provider[\"registry.terraform.io/pagerduty/pagerduty\"]",
      "instances": [
        {
          "schema_version": 0,
          "attributes": {
            "description": "Daytime Support Team",
            "html_url": "https://pdt-jpickles.eu.pagerduty.com/teams/PPR1JG3",
            "id": "PPR1JG3",
            "name": "Support",
            "parent": null
          },
          "private": "bnVsbA=="
        }
      ]
    },
    {
      "module": "module.common_objects",
      "mode": "managed",
      "type": "pagerduty_team_membership",
      "name": "julie_morgan",
      "provider": "provider[\"registry.terraform.io/pagerduty/pagerduty\"]",
      "instances": [
        {
          "schema_version": 0,
          "attributes": {
            "id": "PQQUFEY:PWZAL7G",
            "role": "manager",
            "team_id": "PWZAL7G",
            "user_id": "PQQUFEY"
          },
          "private": "bnVsbA==",
          "dependencies": [
            "module.common_objects.pagerduty_team.executive",
            "module.common_objects.pagerduty_user.julie_morgan"
          ]
        }
      ]
    },
    {
      "module": "module.common_objects",
      "mode": "managed",
      "type": "pagerduty_team_membership",
      "name": "noah_cooper",
      "provider": "provider[\"registry.terraform.io/pagerduty/pagerduty\"]",
      "instances": [
        {
          "schema_version": 0,
          "attributes": {
            "id": "P64IEPI:PPR1JG3",
            "role": "manager",
            "team_id": "PPR1JG3",
            "user_id": "P64IEPI"
          },
          "private": "bnVsbA==",
          "dependencies": [
            "module.common_objects.pagerduty_team.support",
            "module.common_objects.pagerduty_user.noah_cooper"
          ]
        }
      ]
    },
    {
      "module": "module.common_objects",
      "mode": "managed",
      "type": "pagerduty_team_membership",
      "name": "paul_miller",
      "provider": "provider[\"registry.terraform.io/pagerduty/pagerduty\"]",
      "instances": [
        {
          "schema_version": 0,
          "attributes": {
            "id": "P9E6F28:PA8LLK6",
            "role": "manager",
            "team_id": "PA8LLK6",
            "user_id": "P9E6F28"
          },
          "private": "bnVsbA==",
          "dependencies": [
            "module.common_objects.pagerduty_team.operations",
            "module.common_objects.pagerduty_user.paul_miller"
          ]
        }
      ]
    },
    {
      "module": "module.common_objects",
      "mode": "managed",
      "type": "pagerduty_team_membership",
      "name": "ronald_green",
      "provider": "provider[\"registry.terraform.io/pagerduty/pagerduty\"]",
      "instances": [
        {
          "schema_version": 0,
          "attributes": {
            "id": "PTMFGTL:PT0PKVT",
            "role": "manager",
            "team_id": "PT0PKVT",
            "user_id": "PTMFGTL"
          },
          "private": "bnVsbA==",
          "dependencies": [
            "module.common_objects.pagerduty_team.it_management",
            "module.common_objects.pagerduty_user.ronald_green"
          ]
        }
      ]
    },
    {
      "module": "module.common_objects",
      "mode": "managed",
      "type": "pagerduty_user",
      "name": "julie_morgan",
      "provider": "provider[\"registry.terraform.io/pagerduty/pagerduty\"]",
      "instances": [
        {
          "schema_version": 0,
          "attributes": {
            "avatar_url": "https://secure.gravatar.com/avatar/40d38ae7d4986489fe02ece6458cc4e6.png?d=mm\u0026r=PG",
            "color": "green",
            "description": "Managed by Terraform",
            "email": "julie_morgan@example.com",
            "html_url": "https://pdt-jpickles.eu.pagerduty.com/users/PQQUFEY",
            "id": "PQQUFEY",
            "invitation_sent": true,
            "job_title": "",
            "name": "Julie Morgan",
            "role": "restricted_access",
            "teams": [
              "PWZAL7G"
            ],
            "time_zone": "Europe/London"
          },
          "private": "bnVsbA=="
        }
      ]
    },
    {
      "module": "module.common_objects",
      "mode": "managed",
      "type": "pagerduty_user",
      "name": "noah_cooper",
      "provider": "provider[\"registry.terraform.io/pagerduty/pagerduty\"]",
      "instances": [
        {
          "schema_version": 0,
          "attributes": {
            "avatar_url": "https://secure.gravatar.com/avatar/05b0b5a0a98004b93cc186ad7c291100.png?d=mm\u0026r=PG",
            "color": "teal",
            "description": "Managed by Terraform",
            "email": "noah_cooper@example.com",
            "html_url": "https://pdt-jpickles.eu.pagerduty.com/users/P64IEPI",
            "id": "P64IEPI",
            "invitation_sent": true,
            "job_title": "",
            "name": "Noah Cooper",
            "role": "limited_user",
            "teams": [
              "PPR1JG3"
            ],
            "time_zone": "Europe/London"
          },
          "private": "bnVsbA=="
        }
      ]
    },
    {
      "module": "module.common_objects",
      "mode": "managed",
      "type": "pagerduty_user",
      "name": "paul_miller",
      "provider": "provider[\"registry.terraform.io/pagerduty/pagerduty\"]",
      "instances": [
        {
          "schema_version": 0,
          "attributes": {
            "avatar_url": "https://secure.gravatar.com/avatar/5b5d76d05b95877af8cbfebe2de105c8.png?d=mm\u0026r=PG",
            "color": "blue",
            "description": "Managed by Terraform",
            "email": "paul_miller@example.com",
            "html_url": "https://pdt-jpickles.eu.pagerduty.com/users/P9E6F28",
            "id": "P9E6F28",
            "invitation_sent": true,
            "job_title": "",
            "name": "Paul Miller",
            "role": "limited_user",
            "teams": [
              "PA8LLK6",
              "PPR1JG3",
              "PT0PKVT"
            ],
            "time_zone": "Europe/London"
          },
          "private": "bnVsbA=="
        }
      ]
    },
    {
      "module": "module.common_objects",
      "mode": "managed",
      "type": "pagerduty_user",
      "name": "ronald_green",
      "provider": "provider[\"registry.terraform.io/pagerduty/pagerduty\"]",
      "instances": [
        {
          "schema_version": 0,
          "attributes": {
            "avatar_url": "https://secure.gravatar.com/avatar/59c8d44ef8fb85417083c2751c65e89e.png?d=mm\u0026r=PG",
            "color": "red",
            "description": "Managed by Terraform",
            "email": "ronald_green@example.com",
            "html_url": "https://pdt-jpickles.eu.pagerduty.com/users/PTMFGTL",
            "id": "PTMFGTL",
            "invitation_sent": true,
            "job_title": "",
            "name": "Ronald Green",
            "role": "admin",
            "teams": [
              "PA8LLK6",
              "PPR1JG3",
              "PT0PKVT"
            ],
            "time_zone": "Europe/London"
          },
          "private": "bnVsbA=="
        }
      ]
    }
  ]
}
